// !$*UTF8*$!
{
	archiveVersion = 1;
	classes = {
	};
	objectVersion = 46;
	objects = {

/* Begin PBXBuildFile section */
		04072CC41B8AE2CA00B68A21 /* MenuViewController.m in Sources */ = {isa = PBXBuildFile; fileRef = 04072CC31B8AE2CA00B68A21 /* MenuViewController.m */; };
		04072CC71B8AE40100B68A21 /* StoreIndexViewController.m in Sources */ = {isa = PBXBuildFile; fileRef = 04072CC61B8AE40100B68A21 /* StoreIndexViewController.m */; };
		04072CCB1B8C31F700B68A21 /* MegaTheme.m in Sources */ = {isa = PBXBuildFile; fileRef = 04072CCA1B8C31F700B68A21 /* MegaTheme.m */; };
		04072CCF1B8C325B00B68A21 /* ProductTableViewCell.m in Sources */ = {isa = PBXBuildFile; fileRef = 04072CCE1B8C325B00B68A21 /* ProductTableViewCell.m */; };
		04072CD21B8C346C00B68A21 /* ProductTableViewController.m in Sources */ = {isa = PBXBuildFile; fileRef = 04072CD11B8C346C00B68A21 /* ProductTableViewController.m */; };
		04072CD81B8C47AB00B68A21 /* MapEventController.m in Sources */ = {isa = PBXBuildFile; fileRef = 04072CD71B8C47AB00B68A21 /* MapEventController.m */; };
		04072CDC1B8C4C0700B68A21 /* GeoJSONModel.m in Sources */ = {isa = PBXBuildFile; fileRef = 04072CDB1B8C4C0700B68A21 /* GeoJSONModel.m */; };
		04072CDF1B8C527900B68A21 /* map-annotation.png in Resources */ = {isa = PBXBuildFile; fileRef = 04072CDD1B8C527900B68A21 /* map-annotation.png */; };
		04072CE01B8C527900B68A21 /* map-annotation@3x.png in Resources */ = {isa = PBXBuildFile; fileRef = 04072CDE1B8C527900B68A21 /* map-annotation@3x.png */; };
		04072CE21B8C52CF00B68A21 /* map-annotation@2x.png in Resources */ = {isa = PBXBuildFile; fileRef = 04072CE11B8C52CF00B68A21 /* map-annotation@2x.png */; };
		04072CE61B8C5EFD00B68A21 /* event-club.png in Resources */ = {isa = PBXBuildFile; fileRef = 04072CE31B8C5EFD00B68A21 /* event-club.png */; };
		04072CE71B8C5EFD00B68A21 /* event-club@2x.png in Resources */ = {isa = PBXBuildFile; fileRef = 04072CE41B8C5EFD00B68A21 /* event-club@2x.png */; };
		04072CE81B8C5EFD00B68A21 /* event-club@3x.png in Resources */ = {isa = PBXBuildFile; fileRef = 04072CE51B8C5EFD00B68A21 /* event-club@3x.png */; };
		04072CEB1B8C6BC200B68A21 /* phone.png in Resources */ = {isa = PBXBuildFile; fileRef = 04072CE91B8C6BC200B68A21 /* phone.png */; };
		04072CEC1B8C6BC200B68A21 /* phone@2x.png in Resources */ = {isa = PBXBuildFile; fileRef = 04072CEA1B8C6BC200B68A21 /* phone@2x.png */; };
		04072CF01B8C994900B68A21 /* ProductScrollViewController.m in Sources */ = {isa = PBXBuildFile; fileRef = 04072CEF1B8C994900B68A21 /* ProductScrollViewController.m */; };
		04072CF31B8C9A1A00B68A21 /* ProductImageCell.m in Sources */ = {isa = PBXBuildFile; fileRef = 04072CF21B8C9A1A00B68A21 /* ProductImageCell.m */; };
		0411515C1B8EE795000B3A88 /* Cart.storyboard in Resources */ = {isa = PBXBuildFile; fileRef = 0411515B1B8EE795000B3A88 /* Cart.storyboard */; };
		0411515F1B8EE7DE000B3A88 /* CartViewController.m in Sources */ = {isa = PBXBuildFile; fileRef = 0411515E1B8EE7DE000B3A88 /* CartViewController.m */; };
		041151631B8EE832000B3A88 /* CartCell.m in Sources */ = {isa = PBXBuildFile; fileRef = 041151621B8EE832000B3A88 /* CartCell.m */; };
		047406C71B7B3FFE00AE05BE /* TsaoSearchBar.m in Sources */ = {isa = PBXBuildFile; fileRef = 047406C61B7B3FFE00AE05BE /* TsaoSearchBar.m */; };
		047406CE1B7B413400AE05BE /* search.png in Resources */ = {isa = PBXBuildFile; fileRef = 047406CD1B7B413400AE05BE /* search.png */; };
		047406D01B7B415300AE05BE /* search@2x.png in Resources */ = {isa = PBXBuildFile; fileRef = 047406CF1B7B415300AE05BE /* search@2x.png */; };
		047406D21B7B47C400AE05BE /* icon_homepage_downArrow@2x.png in Resources */ = {isa = PBXBuildFile; fileRef = 047406D11B7B47C400AE05BE /* icon_homepage_downArrow@2x.png */; };
		0496016F1B8D67D700AEFFD8 /* UIViewController+CustomNavLeftItem.m in Sources */ = {isa = PBXBuildFile; fileRef = 0496016E1B8D67D700AEFFD8 /* UIViewController+CustomNavLeftItem.m */; };
		049601721B8D7C9100AEFFD8 /* ProductImageModel.m in Sources */ = {isa = PBXBuildFile; fileRef = 049601711B8D7C9100AEFFD8 /* ProductImageModel.m */; };
		049601751B8DA7A200AEFFD8 /* ProductWrapperViewController.m in Sources */ = {isa = PBXBuildFile; fileRef = 049601741B8DA7A200AEFFD8 /* ProductWrapperViewController.m */; };
		0496017B1B8DB88200AEFFD8 /* ADVProgressControl.m in Sources */ = {isa = PBXBuildFile; fileRef = 049601781B8DB88200AEFFD8 /* ADVProgressControl.m */; };
		0496017C1B8DB88200AEFFD8 /* ADVProgressLayer.m in Sources */ = {isa = PBXBuildFile; fileRef = 0496017A1B8DB88200AEFFD8 /* ADVProgressLayer.m */; };
		04D23C7A1B8F00B000250726 /* CartItem.m in Sources */ = {isa = PBXBuildFile; fileRef = 04D23C791B8F00B000250726 /* CartItem.m */; };
		04D23C7C1B8F080800250726 /* Realm.framework in Frameworks */ = {isa = PBXBuildFile; fileRef = 04D23C7B1B8F080800250726 /* Realm.framework */; settings = {ATTRIBUTES = (Required, ); }; };
		04D23C7F1B8F312700250726 /* RoundButton.m in Sources */ = {isa = PBXBuildFile; fileRef = 04D23C7E1B8F312700250726 /* RoundButton.m */; };
		04D23C811B8F377500250726 /* libc++.dylib in Frameworks */ = {isa = PBXBuildFile; fileRef = 04D23C801B8F377500250726 /* libc++.dylib */; };
		04D23C841B8F3E5E00250726 /* RealmManager.m in Sources */ = {isa = PBXBuildFile; fileRef = 04D23C831B8F3E5E00250726 /* RealmManager.m */; };
		04D23C881B8F414300250726 /* RealmProductModel.m in Sources */ = {isa = PBXBuildFile; fileRef = 04D23C871B8F414300250726 /* RealmProductModel.m */; };
		04D23C8B1B8F419600250726 /* RealmSpecificationModel.m in Sources */ = {isa = PBXBuildFile; fileRef = 04D23C8A1B8F419600250726 /* RealmSpecificationModel.m */; };
		04F2CCF41B845A580016FB91 /* paisley.png in Resources */ = {isa = PBXBuildFile; fileRef = 04F2CCF31B845A580016FB91 /* paisley.png */; };
		04F2CCF61B845C0D0016FB91 /* restaurant_icons.png in Resources */ = {isa = PBXBuildFile; fileRef = 04F2CCF51B845C0D0016FB91 /* restaurant_icons.png */; };
		04F2CCF91B84761A0016FB91 /* StoreModel.m in Sources */ = {isa = PBXBuildFile; fileRef = 04F2CCF81B84761A0016FB91 /* StoreModel.m */; };
		04F2CCFC1B8478C50016FB91 /* OwnerModel.m in Sources */ = {isa = PBXBuildFile; fileRef = 04F2CCFB1B8478C50016FB91 /* OwnerModel.m */; };
		04F2CD001B85AC930016FB91 /* TsaoStoreListTableViewCell.m in Sources */ = {isa = PBXBuildFile; fileRef = 04F2CCFF1B85AC930016FB91 /* TsaoStoreListTableViewCell.m */; };
		04F2CD031B86BC650016FB91 /* UIView+CreateBorder.m in Sources */ = {isa = PBXBuildFile; fileRef = 04F2CD021B86BC650016FB91 /* UIView+CreateBorder.m */; };
		04F2CD061B86E01B0016FB91 /* UIView+Capture.m in Sources */ = {isa = PBXBuildFile; fileRef = 04F2CD051B86E01B0016FB91 /* UIView+Capture.m */; };
		04F2D1631B86ECA40016FB91 /* FXBlurView.m in Sources */ = {isa = PBXBuildFile; fileRef = 04F2D1621B86ECA40016FB91 /* FXBlurView.m */; };
		04F2D1661B86FC200016FB91 /* icon_arrow_dropdown_normal.png in Resources */ = {isa = PBXBuildFile; fileRef = 04F2D1641B86FC200016FB91 /* icon_arrow_dropdown_normal.png */; };
		04F2D1671B86FC200016FB91 /* icon_arrow_dropdown_selected.png in Resources */ = {isa = PBXBuildFile; fileRef = 04F2D1651B86FC200016FB91 /* icon_arrow_dropdown_selected.png */; };
		04F2D16A1B87030B0016FB91 /* SearchResultTableView.m in Sources */ = {isa = PBXBuildFile; fileRef = 04F2D1691B87030B0016FB91 /* SearchResultTableView.m */; };
		04F2D16D1B8704340016FB91 /* SearchResultModel.m in Sources */ = {isa = PBXBuildFile; fileRef = 04F2D16C1B8704340016FB91 /* SearchResultModel.m */; };
		04F2D1701B8707F10016FB91 /* SearchResultTableViewCell.m in Sources */ = {isa = PBXBuildFile; fileRef = 04F2D16F1B8707F10016FB91 /* SearchResultTableViewCell.m */; };
		04F2D1731B870AD30016FB91 /* ProductModel.m in Sources */ = {isa = PBXBuildFile; fileRef = 04F2D1721B870AD30016FB91 /* ProductModel.m */; };
		04F2D1761B870BE60016FB91 /* SpecificationModel.m in Sources */ = {isa = PBXBuildFile; fileRef = 04F2D1751B870BE60016FB91 /* SpecificationModel.m */; };
		04F2D1791B870D040016FB91 /* NutritionModel.m in Sources */ = {isa = PBXBuildFile; fileRef = 04F2D1781B870D040016FB91 /* NutritionModel.m */; };
		04F2D17C1B89B18F0016FB91 /* CampusListTableViewController.m in Sources */ = {isa = PBXBuildFile; fileRef = 04F2D17B1B89B18F0016FB91 /* CampusListTableViewController.m */; };
		04F2D17F1B89BA700016FB91 /* CampusListTableViewCell.m in Sources */ = {isa = PBXBuildFile; fileRef = 04F2D17E1B89BA700016FB91 /* CampusListTableViewCell.m */; };
		1C2EEFC20B1788EC57DBAD78 /* libPods.a in Frameworks */ = {isa = PBXBuildFile; fileRef = 86B9BFDA081524C1C477C05E /* libPods.a */; };
		56061BAA1B6BC4EE002F3499 /* back_button.png in Resources */ = {isa = PBXBuildFile; fileRef = 56061BA81B6BC4EE002F3499 /* back_button.png */; };
		56061BAB1B6BC4EE002F3499 /* back_button@2x.png in Resources */ = {isa = PBXBuildFile; fileRef = 56061BA91B6BC4EE002F3499 /* back_button@2x.png */; };
		56061BAE1B6C5941002F3499 /* TsaoBackButton.m in Sources */ = {isa = PBXBuildFile; fileRef = 56061BAD1B6C5941002F3499 /* TsaoBackButton.m */; };
		56061BB11B6C7F6B002F3499 /* Tool.m in Sources */ = {isa = PBXBuildFile; fileRef = 56061BB01B6C7F6B002F3499 /* Tool.m */; };
		56061BB41B6CBAE7002F3499 /* AFHTTPRequestOperationManager+Singleton.m in Sources */ = {isa = PBXBuildFile; fileRef = 56061BB31B6CBAE7002F3499 /* AFHTTPRequestOperationManager+Singleton.m */; };
		56061BB91B6CD88F002F3499 /* CampusModel.m in Sources */ = {isa = PBXBuildFile; fileRef = 56061BB81B6CD88F002F3499 /* CampusModel.m */; };
		56865C8B1B6B223C00A1B324 /* main.m in Sources */ = {isa = PBXBuildFile; fileRef = 56865C8A1B6B223C00A1B324 /* main.m */; };
		56865C8E1B6B223C00A1B324 /* AppDelegate.m in Sources */ = {isa = PBXBuildFile; fileRef = 56865C8D1B6B223C00A1B324 /* AppDelegate.m */; };
		56865C971B6B223C00A1B324 /* Main.storyboard in Resources */ = {isa = PBXBuildFile; fileRef = 56865C951B6B223C00A1B324 /* Main.storyboard */; };
		56865C991B6B223C00A1B324 /* Images.xcassets in Resources */ = {isa = PBXBuildFile; fileRef = 56865C981B6B223C00A1B324 /* Images.xcassets */; };
		56865C9C1B6B223C00A1B324 /* LaunchScreen.xib in Resources */ = {isa = PBXBuildFile; fileRef = 56865C9A1B6B223C00A1B324 /* LaunchScreen.xib */; };
		56865CA81B6B223C00A1B324 /* GuduMorningTests.m in Sources */ = {isa = PBXBuildFile; fileRef = 56865CA71B6B223C00A1B324 /* GuduMorningTests.m */; };
		56865CF11B6B22E200A1B324 /* about_tab.png in Resources */ = {isa = PBXBuildFile; fileRef = 56865CDD1B6B22E200A1B324 /* about_tab.png */; };
		56865CF21B6B22E200A1B324 /* about_tab@2x.png in Resources */ = {isa = PBXBuildFile; fileRef = 56865CDE1B6B22E200A1B324 /* about_tab@2x.png */; };
		56865CF31B6B22E200A1B324 /* about_tab_select.png in Resources */ = {isa = PBXBuildFile; fileRef = 56865CDF1B6B22E200A1B324 /* about_tab_select.png */; };
		56865CF41B6B22E200A1B324 /* about_tab_select@2x.png in Resources */ = {isa = PBXBuildFile; fileRef = 56865CE01B6B22E200A1B324 /* about_tab_select@2x.png */; };
		56865CF51B6B22E200A1B324 /* cart_tab.png in Resources */ = {isa = PBXBuildFile; fileRef = 56865CE11B6B22E200A1B324 /* cart_tab.png */; };
		56865CF61B6B22E200A1B324 /* cart_tab@2x.png in Resources */ = {isa = PBXBuildFile; fileRef = 56865CE21B6B22E200A1B324 /* cart_tab@2x.png */; };
		56865CF71B6B22E200A1B324 /* cart_tab_select.png in Resources */ = {isa = PBXBuildFile; fileRef = 56865CE31B6B22E200A1B324 /* cart_tab_select.png */; };
		56865CF81B6B22E200A1B324 /* cart_tab_select@2x.png in Resources */ = {isa = PBXBuildFile; fileRef = 56865CE41B6B22E200A1B324 /* cart_tab_select@2x.png */; };
		56865CF91B6B22E200A1B324 /* class_tab.png in Resources */ = {isa = PBXBuildFile; fileRef = 56865CE51B6B22E200A1B324 /* class_tab.png */; };
		56865CFA1B6B22E200A1B324 /* class_tab@2x.png in Resources */ = {isa = PBXBuildFile; fileRef = 56865CE61B6B22E200A1B324 /* class_tab@2x.png */; };
		56865CFB1B6B22E200A1B324 /* class_tab_select.png in Resources */ = {isa = PBXBuildFile; fileRef = 56865CE71B6B22E200A1B324 /* class_tab_select.png */; };
		56865CFC1B6B22E200A1B324 /* class_tab_select@2x.png in Resources */ = {isa = PBXBuildFile; fileRef = 56865CE81B6B22E200A1B324 /* class_tab_select@2x.png */; };
		56865CFD1B6B22E200A1B324 /* index_tab.png in Resources */ = {isa = PBXBuildFile; fileRef = 56865CE91B6B22E200A1B324 /* index_tab.png */; };
		56865CFE1B6B22E200A1B324 /* index_tab@2x.png in Resources */ = {isa = PBXBuildFile; fileRef = 56865CEA1B6B22E200A1B324 /* index_tab@2x.png */; };
		56865CFF1B6B22E200A1B324 /* index_tab_select.png in Resources */ = {isa = PBXBuildFile; fileRef = 56865CEB1B6B22E200A1B324 /* index_tab_select.png */; };
		56865D001B6B22E200A1B324 /* index_tab_select@2x.png in Resources */ = {isa = PBXBuildFile; fileRef = 56865CEC1B6B22E200A1B324 /* index_tab_select@2x.png */; };
		56865D011B6B22E200A1B324 /* my_tab.png in Resources */ = {isa = PBXBuildFile; fileRef = 56865CED1B6B22E200A1B324 /* my_tab.png */; };
		56865D021B6B22E200A1B324 /* my_tab@2x.png in Resources */ = {isa = PBXBuildFile; fileRef = 56865CEE1B6B22E200A1B324 /* my_tab@2x.png */; };
		56865D031B6B22E200A1B324 /* my_tab_select.png in Resources */ = {isa = PBXBuildFile; fileRef = 56865CEF1B6B22E200A1B324 /* my_tab_select.png */; };
		56865D041B6B22E200A1B324 /* my_tab_select@2x.png in Resources */ = {isa = PBXBuildFile; fileRef = 56865CF01B6B22E200A1B324 /* my_tab_select@2x.png */; };
		56C458481B6B33360053D825 /* CustomPopTransition.m in Sources */ = {isa = PBXBuildFile; fileRef = 56C458471B6B33360053D825 /* CustomPopTransition.m */; };
		56C458511B6B3D310053D825 /* MGImageUtilitiesAppDelegate.m in Sources */ = {isa = PBXBuildFile; fileRef = 56C4584C1B6B3D310053D825 /* MGImageUtilitiesAppDelegate.m */; };
		56C458521B6B3D310053D825 /* UIImage+ProportionalFill.m in Sources */ = {isa = PBXBuildFile; fileRef = 56C4584E1B6B3D310053D825 /* UIImage+ProportionalFill.m */; };
		56C458531B6B3D310053D825 /* UIImage+Tint.m in Sources */ = {isa = PBXBuildFile; fileRef = 56C458501B6B3D310053D825 /* UIImage+Tint.m */; };
		56C458581B6B424F0053D825 /* KLCPopup.m in Sources */ = {isa = PBXBuildFile; fileRef = 56C458571B6B424F0053D825 /* KLCPopup.m */; };
		56C458621B6B42690053D825 /* FirstViewController.m in Sources */ = {isa = PBXBuildFile; fileRef = 56C4585B1B6B42690053D825 /* FirstViewController.m */; };
		56C458631B6B42690053D825 /* PopGestureRecognizerController.m in Sources */ = {isa = PBXBuildFile; fileRef = 56C4585D1B6B42690053D825 /* PopGestureRecognizerController.m */; };
		56C458641B6B42690053D825 /* SecondViewController.m in Sources */ = {isa = PBXBuildFile; fileRef = 56C4585F1B6B42690053D825 /* SecondViewController.m */; };
		56C458651B6B42690053D825 /* TsaoTabbarController.m in Sources */ = {isa = PBXBuildFile; fileRef = 56C458611B6B42690053D825 /* TsaoTabbarController.m */; };
		56C458691B6B42BA0053D825 /* ChooseListView.m in Sources */ = {isa = PBXBuildFile; fileRef = 56C458681B6B42BA0053D825 /* ChooseListView.m */; };
		56C4586C1B6B6BFC0053D825 /* UIViewController+TsaoNavigationBar.m in Sources */ = {isa = PBXBuildFile; fileRef = 56C4586B1B6B6BFB0053D825 /* UIViewController+TsaoNavigationBar.m */; };
		56C45B4C1B6B72A00053D825 /* TsaoBaseViewController.m in Sources */ = {isa = PBXBuildFile; fileRef = 56C45B4B1B6B72A00053D825 /* TsaoBaseViewController.m */; };
/* End PBXBuildFile section */

/* Begin PBXContainerItemProxy section */
		56865CA21B6B223C00A1B324 /* PBXContainerItemProxy */ = {
			isa = PBXContainerItemProxy;
			containerPortal = 56865C7D1B6B223C00A1B324 /* Project object */;
			proxyType = 1;
			remoteGlobalIDString = 56865C841B6B223C00A1B324;
			remoteInfo = GuduMorning;
		};
/* End PBXContainerItemProxy section */

/* Begin PBXFileReference section */
		04072CC21B8AE2CA00B68A21 /* MenuViewController.h */ = {isa = PBXFileReference; fileEncoding = 4; lastKnownFileType = sourcecode.c.h; path = MenuViewController.h; sourceTree = "<group>"; };
		04072CC31B8AE2CA00B68A21 /* MenuViewController.m */ = {isa = PBXFileReference; fileEncoding = 4; lastKnownFileType = sourcecode.c.objc; path = MenuViewController.m; sourceTree = "<group>"; };
		04072CC51B8AE40100B68A21 /* StoreIndexViewController.h */ = {isa = PBXFileReference; fileEncoding = 4; lastKnownFileType = sourcecode.c.h; path = StoreIndexViewController.h; sourceTree = "<group>"; };
		04072CC61B8AE40100B68A21 /* StoreIndexViewController.m */ = {isa = PBXFileReference; fileEncoding = 4; lastKnownFileType = sourcecode.c.objc; path = StoreIndexViewController.m; sourceTree = "<group>"; };
		04072CC91B8C31F700B68A21 /* MegaTheme.h */ = {isa = PBXFileReference; fileEncoding = 4; lastKnownFileType = sourcecode.c.h; path = MegaTheme.h; sourceTree = "<group>"; };
		04072CCA1B8C31F700B68A21 /* MegaTheme.m */ = {isa = PBXFileReference; fileEncoding = 4; lastKnownFileType = sourcecode.c.objc; path = MegaTheme.m; sourceTree = "<group>"; };
		04072CCD1B8C325B00B68A21 /* ProductTableViewCell.h */ = {isa = PBXFileReference; fileEncoding = 4; lastKnownFileType = sourcecode.c.h; path = ProductTableViewCell.h; sourceTree = "<group>"; };
		04072CCE1B8C325B00B68A21 /* ProductTableViewCell.m */ = {isa = PBXFileReference; fileEncoding = 4; lastKnownFileType = sourcecode.c.objc; path = ProductTableViewCell.m; sourceTree = "<group>"; };
		04072CD01B8C346C00B68A21 /* ProductTableViewController.h */ = {isa = PBXFileReference; fileEncoding = 4; lastKnownFileType = sourcecode.c.h; path = ProductTableViewController.h; sourceTree = "<group>"; };
		04072CD11B8C346C00B68A21 /* ProductTableViewController.m */ = {isa = PBXFileReference; fileEncoding = 4; lastKnownFileType = sourcecode.c.objc; path = ProductTableViewController.m; sourceTree = "<group>"; };
		04072CD61B8C47AB00B68A21 /* MapEventController.h */ = {isa = PBXFileReference; fileEncoding = 4; lastKnownFileType = sourcecode.c.h; path = MapEventController.h; sourceTree = "<group>"; };
		04072CD71B8C47AB00B68A21 /* MapEventController.m */ = {isa = PBXFileReference; fileEncoding = 4; lastKnownFileType = sourcecode.c.objc; path = MapEventController.m; sourceTree = "<group>"; };
		04072CDA1B8C4C0700B68A21 /* GeoJSONModel.h */ = {isa = PBXFileReference; fileEncoding = 4; lastKnownFileType = sourcecode.c.h; path = GeoJSONModel.h; sourceTree = "<group>"; };
		04072CDB1B8C4C0700B68A21 /* GeoJSONModel.m */ = {isa = PBXFileReference; fileEncoding = 4; lastKnownFileType = sourcecode.c.objc; path = GeoJSONModel.m; sourceTree = "<group>"; };
		04072CDD1B8C527900B68A21 /* map-annotation.png */ = {isa = PBXFileReference; lastKnownFileType = image.png; path = "map-annotation.png"; sourceTree = "<group>"; };
		04072CDE1B8C527900B68A21 /* map-annotation@3x.png */ = {isa = PBXFileReference; lastKnownFileType = image.png; path = "map-annotation@3x.png"; sourceTree = "<group>"; };
		04072CE11B8C52CF00B68A21 /* map-annotation@2x.png */ = {isa = PBXFileReference; lastKnownFileType = image.png; path = "map-annotation@2x.png"; sourceTree = "<group>"; };
		04072CE31B8C5EFD00B68A21 /* event-club.png */ = {isa = PBXFileReference; lastKnownFileType = image.png; path = "event-club.png"; sourceTree = "<group>"; };
		04072CE41B8C5EFD00B68A21 /* event-club@2x.png */ = {isa = PBXFileReference; lastKnownFileType = image.png; path = "event-club@2x.png"; sourceTree = "<group>"; };
		04072CE51B8C5EFD00B68A21 /* event-club@3x.png */ = {isa = PBXFileReference; lastKnownFileType = image.png; path = "event-club@3x.png"; sourceTree = "<group>"; };
		04072CE91B8C6BC200B68A21 /* phone.png */ = {isa = PBXFileReference; lastKnownFileType = image.png; path = phone.png; sourceTree = "<group>"; };
		04072CEA1B8C6BC200B68A21 /* phone@2x.png */ = {isa = PBXFileReference; lastKnownFileType = image.png; path = "phone@2x.png"; sourceTree = "<group>"; };
		04072CEE1B8C994900B68A21 /* ProductScrollViewController.h */ = {isa = PBXFileReference; fileEncoding = 4; lastKnownFileType = sourcecode.c.h; path = ProductScrollViewController.h; sourceTree = "<group>"; };
		04072CEF1B8C994900B68A21 /* ProductScrollViewController.m */ = {isa = PBXFileReference; fileEncoding = 4; lastKnownFileType = sourcecode.c.objc; path = ProductScrollViewController.m; sourceTree = "<group>"; };
		04072CF11B8C9A1A00B68A21 /* ProductImageCell.h */ = {isa = PBXFileReference; fileEncoding = 4; lastKnownFileType = sourcecode.c.h; path = ProductImageCell.h; sourceTree = "<group>"; };
		04072CF21B8C9A1A00B68A21 /* ProductImageCell.m */ = {isa = PBXFileReference; fileEncoding = 4; lastKnownFileType = sourcecode.c.objc; path = ProductImageCell.m; sourceTree = "<group>"; };
		0411515B1B8EE795000B3A88 /* Cart.storyboard */ = {isa = PBXFileReference; fileEncoding = 4; lastKnownFileType = file.storyboard; path = Cart.storyboard; sourceTree = "<group>"; };
		0411515D1B8EE7DE000B3A88 /* CartViewController.h */ = {isa = PBXFileReference; fileEncoding = 4; lastKnownFileType = sourcecode.c.h; path = CartViewController.h; sourceTree = "<group>"; };
		0411515E1B8EE7DE000B3A88 /* CartViewController.m */ = {isa = PBXFileReference; fileEncoding = 4; lastKnownFileType = sourcecode.c.objc; path = CartViewController.m; sourceTree = "<group>"; };
		041151611B8EE832000B3A88 /* CartCell.h */ = {isa = PBXFileReference; fileEncoding = 4; lastKnownFileType = sourcecode.c.h; path = CartCell.h; sourceTree = "<group>"; };
		041151621B8EE832000B3A88 /* CartCell.m */ = {isa = PBXFileReference; fileEncoding = 4; lastKnownFileType = sourcecode.c.objc; path = CartCell.m; sourceTree = "<group>"; };
		047406C51B7B3FFE00AE05BE /* TsaoSearchBar.h */ = {isa = PBXFileReference; fileEncoding = 4; lastKnownFileType = sourcecode.c.h; path = TsaoSearchBar.h; sourceTree = "<group>"; };
		047406C61B7B3FFE00AE05BE /* TsaoSearchBar.m */ = {isa = PBXFileReference; fileEncoding = 4; lastKnownFileType = sourcecode.c.objc; path = TsaoSearchBar.m; sourceTree = "<group>"; };
		047406CD1B7B413400AE05BE /* search.png */ = {isa = PBXFileReference; lastKnownFileType = image.png; path = search.png; sourceTree = "<group>"; };
		047406CF1B7B415300AE05BE /* search@2x.png */ = {isa = PBXFileReference; lastKnownFileType = image.png; path = "search@2x.png"; sourceTree = "<group>"; };
		047406D11B7B47C400AE05BE /* icon_homepage_downArrow@2x.png */ = {isa = PBXFileReference; lastKnownFileType = image.png; path = "icon_homepage_downArrow@2x.png"; sourceTree = "<group>"; };
		0496016D1B8D67D700AEFFD8 /* UIViewController+CustomNavLeftItem.h */ = {isa = PBXFileReference; fileEncoding = 4; lastKnownFileType = sourcecode.c.h; path = "UIViewController+CustomNavLeftItem.h"; sourceTree = "<group>"; };
		0496016E1B8D67D700AEFFD8 /* UIViewController+CustomNavLeftItem.m */ = {isa = PBXFileReference; fileEncoding = 4; lastKnownFileType = sourcecode.c.objc; path = "UIViewController+CustomNavLeftItem.m"; sourceTree = "<group>"; };
		049601701B8D7C9100AEFFD8 /* ProductImageModel.h */ = {isa = PBXFileReference; fileEncoding = 4; lastKnownFileType = sourcecode.c.h; path = ProductImageModel.h; sourceTree = "<group>"; };
		049601711B8D7C9100AEFFD8 /* ProductImageModel.m */ = {isa = PBXFileReference; fileEncoding = 4; lastKnownFileType = sourcecode.c.objc; path = ProductImageModel.m; sourceTree = "<group>"; };
		049601731B8DA7A200AEFFD8 /* ProductWrapperViewController.h */ = {isa = PBXFileReference; fileEncoding = 4; lastKnownFileType = sourcecode.c.h; path = ProductWrapperViewController.h; sourceTree = "<group>"; };
		049601741B8DA7A200AEFFD8 /* ProductWrapperViewController.m */ = {isa = PBXFileReference; fileEncoding = 4; lastKnownFileType = sourcecode.c.objc; path = ProductWrapperViewController.m; sourceTree = "<group>"; };
		049601771B8DB88200AEFFD8 /* ADVProgressControl.h */ = {isa = PBXFileReference; fileEncoding = 4; lastKnownFileType = sourcecode.c.h; path = ADVProgressControl.h; sourceTree = "<group>"; };
		049601781B8DB88200AEFFD8 /* ADVProgressControl.m */ = {isa = PBXFileReference; fileEncoding = 4; lastKnownFileType = sourcecode.c.objc; path = ADVProgressControl.m; sourceTree = "<group>"; };
		049601791B8DB88200AEFFD8 /* ADVProgressLayer.h */ = {isa = PBXFileReference; fileEncoding = 4; lastKnownFileType = sourcecode.c.h; path = ADVProgressLayer.h; sourceTree = "<group>"; };
		0496017A1B8DB88200AEFFD8 /* ADVProgressLayer.m */ = {isa = PBXFileReference; fileEncoding = 4; lastKnownFileType = sourcecode.c.objc; path = ADVProgressLayer.m; sourceTree = "<group>"; };
		04D23C781B8F00B000250726 /* CartItem.h */ = {isa = PBXFileReference; fileEncoding = 4; lastKnownFileType = sourcecode.c.h; path = CartItem.h; sourceTree = "<group>"; };
		04D23C791B8F00B000250726 /* CartItem.m */ = {isa = PBXFileReference; fileEncoding = 4; lastKnownFileType = sourcecode.c.objc; path = CartItem.m; sourceTree = "<group>"; };
		04D23C7B1B8F080800250726 /* Realm.framework */ = {isa = PBXFileReference; lastKnownFileType = wrapper.framework; path = Realm.framework; sourceTree = "<group>"; };
		04D23C7D1B8F312700250726 /* RoundButton.h */ = {isa = PBXFileReference; fileEncoding = 4; lastKnownFileType = sourcecode.c.h; path = RoundButton.h; sourceTree = "<group>"; };
		04D23C7E1B8F312700250726 /* RoundButton.m */ = {isa = PBXFileReference; fileEncoding = 4; lastKnownFileType = sourcecode.c.objc; path = RoundButton.m; sourceTree = "<group>"; };
		04D23C801B8F377500250726 /* libc++.dylib */ = {isa = PBXFileReference; lastKnownFileType = "compiled.mach-o.dylib"; name = "libc++.dylib"; path = "usr/lib/libc++.dylib"; sourceTree = SDKROOT; };
		04D23C821B8F3E5E00250726 /* RealmManager.h */ = {isa = PBXFileReference; fileEncoding = 4; lastKnownFileType = sourcecode.c.h; path = RealmManager.h; sourceTree = "<group>"; };
		04D23C831B8F3E5E00250726 /* RealmManager.m */ = {isa = PBXFileReference; fileEncoding = 4; lastKnownFileType = sourcecode.c.objc; path = RealmManager.m; sourceTree = "<group>"; };
		04D23C861B8F414300250726 /* RealmProductModel.h */ = {isa = PBXFileReference; fileEncoding = 4; lastKnownFileType = sourcecode.c.h; path = RealmProductModel.h; sourceTree = "<group>"; };
		04D23C871B8F414300250726 /* RealmProductModel.m */ = {isa = PBXFileReference; fileEncoding = 4; lastKnownFileType = sourcecode.c.objc; path = RealmProductModel.m; sourceTree = "<group>"; };
		04D23C891B8F419600250726 /* RealmSpecificationModel.h */ = {isa = PBXFileReference; fileEncoding = 4; lastKnownFileType = sourcecode.c.h; path = RealmSpecificationModel.h; sourceTree = "<group>"; };
		04D23C8A1B8F419600250726 /* RealmSpecificationModel.m */ = {isa = PBXFileReference; fileEncoding = 4; lastKnownFileType = sourcecode.c.objc; path = RealmSpecificationModel.m; sourceTree = "<group>"; };
		04F2CCF31B845A580016FB91 /* paisley.png */ = {isa = PBXFileReference; lastKnownFileType = image.png; path = paisley.png; sourceTree = "<group>"; };
		04F2CCF51B845C0D0016FB91 /* restaurant_icons.png */ = {isa = PBXFileReference; lastKnownFileType = image.png; path = restaurant_icons.png; sourceTree = "<group>"; };
		04F2CCF71B84761A0016FB91 /* StoreModel.h */ = {isa = PBXFileReference; fileEncoding = 4; lastKnownFileType = sourcecode.c.h; path = StoreModel.h; sourceTree = "<group>"; };
		04F2CCF81B84761A0016FB91 /* StoreModel.m */ = {isa = PBXFileReference; fileEncoding = 4; lastKnownFileType = sourcecode.c.objc; path = StoreModel.m; sourceTree = "<group>"; };
		04F2CCFA1B8478C50016FB91 /* OwnerModel.h */ = {isa = PBXFileReference; fileEncoding = 4; lastKnownFileType = sourcecode.c.h; path = OwnerModel.h; sourceTree = "<group>"; };
		04F2CCFB1B8478C50016FB91 /* OwnerModel.m */ = {isa = PBXFileReference; fileEncoding = 4; lastKnownFileType = sourcecode.c.objc; path = OwnerModel.m; sourceTree = "<group>"; };
		04F2CCFE1B85AC930016FB91 /* TsaoStoreListTableViewCell.h */ = {isa = PBXFileReference; fileEncoding = 4; lastKnownFileType = sourcecode.c.h; path = TsaoStoreListTableViewCell.h; sourceTree = "<group>"; };
		04F2CCFF1B85AC930016FB91 /* TsaoStoreListTableViewCell.m */ = {isa = PBXFileReference; fileEncoding = 4; lastKnownFileType = sourcecode.c.objc; path = TsaoStoreListTableViewCell.m; sourceTree = "<group>"; };
		04F2CD011B86BC650016FB91 /* UIView+CreateBorder.h */ = {isa = PBXFileReference; fileEncoding = 4; lastKnownFileType = sourcecode.c.h; path = "UIView+CreateBorder.h"; sourceTree = "<group>"; };
		04F2CD021B86BC650016FB91 /* UIView+CreateBorder.m */ = {isa = PBXFileReference; fileEncoding = 4; lastKnownFileType = sourcecode.c.objc; path = "UIView+CreateBorder.m"; sourceTree = "<group>"; };
		04F2CD041B86E01B0016FB91 /* UIView+Capture.h */ = {isa = PBXFileReference; fileEncoding = 4; lastKnownFileType = sourcecode.c.h; path = "UIView+Capture.h"; sourceTree = "<group>"; };
		04F2CD051B86E01B0016FB91 /* UIView+Capture.m */ = {isa = PBXFileReference; fileEncoding = 4; lastKnownFileType = sourcecode.c.objc; path = "UIView+Capture.m"; sourceTree = "<group>"; };
		04F2D1611B86ECA40016FB91 /* FXBlurView.h */ = {isa = PBXFileReference; fileEncoding = 4; lastKnownFileType = sourcecode.c.h; path = FXBlurView.h; sourceTree = "<group>"; };
		04F2D1621B86ECA40016FB91 /* FXBlurView.m */ = {isa = PBXFileReference; fileEncoding = 4; lastKnownFileType = sourcecode.c.objc; path = FXBlurView.m; sourceTree = "<group>"; };
		04F2D1641B86FC200016FB91 /* icon_arrow_dropdown_normal.png */ = {isa = PBXFileReference; lastKnownFileType = image.png; path = icon_arrow_dropdown_normal.png; sourceTree = "<group>"; };
		04F2D1651B86FC200016FB91 /* icon_arrow_dropdown_selected.png */ = {isa = PBXFileReference; lastKnownFileType = image.png; path = icon_arrow_dropdown_selected.png; sourceTree = "<group>"; };
		04F2D1681B87030B0016FB91 /* SearchResultTableView.h */ = {isa = PBXFileReference; fileEncoding = 4; lastKnownFileType = sourcecode.c.h; path = SearchResultTableView.h; sourceTree = "<group>"; };
		04F2D1691B87030B0016FB91 /* SearchResultTableView.m */ = {isa = PBXFileReference; fileEncoding = 4; lastKnownFileType = sourcecode.c.objc; path = SearchResultTableView.m; sourceTree = "<group>"; };
		04F2D16B1B8704340016FB91 /* SearchResultModel.h */ = {isa = PBXFileReference; fileEncoding = 4; lastKnownFileType = sourcecode.c.h; path = SearchResultModel.h; sourceTree = "<group>"; };
		04F2D16C1B8704340016FB91 /* SearchResultModel.m */ = {isa = PBXFileReference; fileEncoding = 4; lastKnownFileType = sourcecode.c.objc; path = SearchResultModel.m; sourceTree = "<group>"; };
		04F2D16E1B8707F10016FB91 /* SearchResultTableViewCell.h */ = {isa = PBXFileReference; fileEncoding = 4; lastKnownFileType = sourcecode.c.h; path = SearchResultTableViewCell.h; sourceTree = "<group>"; };
		04F2D16F1B8707F10016FB91 /* SearchResultTableViewCell.m */ = {isa = PBXFileReference; fileEncoding = 4; lastKnownFileType = sourcecode.c.objc; path = SearchResultTableViewCell.m; sourceTree = "<group>"; };
		04F2D1711B870AD30016FB91 /* ProductModel.h */ = {isa = PBXFileReference; fileEncoding = 4; lastKnownFileType = sourcecode.c.h; path = ProductModel.h; sourceTree = "<group>"; };
		04F2D1721B870AD30016FB91 /* ProductModel.m */ = {isa = PBXFileReference; fileEncoding = 4; lastKnownFileType = sourcecode.c.objc; path = ProductModel.m; sourceTree = "<group>"; };
		04F2D1741B870BE60016FB91 /* SpecificationModel.h */ = {isa = PBXFileReference; fileEncoding = 4; lastKnownFileType = sourcecode.c.h; path = SpecificationModel.h; sourceTree = "<group>"; };
		04F2D1751B870BE60016FB91 /* SpecificationModel.m */ = {isa = PBXFileReference; fileEncoding = 4; lastKnownFileType = sourcecode.c.objc; path = SpecificationModel.m; sourceTree = "<group>"; };
		04F2D1771B870D040016FB91 /* NutritionModel.h */ = {isa = PBXFileReference; fileEncoding = 4; lastKnownFileType = sourcecode.c.h; path = NutritionModel.h; sourceTree = "<group>"; };
		04F2D1781B870D040016FB91 /* NutritionModel.m */ = {isa = PBXFileReference; fileEncoding = 4; lastKnownFileType = sourcecode.c.objc; path = NutritionModel.m; sourceTree = "<group>"; };
		04F2D17A1B89B18F0016FB91 /* CampusListTableViewController.h */ = {isa = PBXFileReference; fileEncoding = 4; lastKnownFileType = sourcecode.c.h; path = CampusListTableViewController.h; sourceTree = "<group>"; };
		04F2D17B1B89B18F0016FB91 /* CampusListTableViewController.m */ = {isa = PBXFileReference; fileEncoding = 4; lastKnownFileType = sourcecode.c.objc; path = CampusListTableViewController.m; sourceTree = "<group>"; };
		04F2D17D1B89BA700016FB91 /* CampusListTableViewCell.h */ = {isa = PBXFileReference; fileEncoding = 4; lastKnownFileType = sourcecode.c.h; path = CampusListTableViewCell.h; sourceTree = "<group>"; };
		04F2D17E1B89BA700016FB91 /* CampusListTableViewCell.m */ = {isa = PBXFileReference; fileEncoding = 4; lastKnownFileType = sourcecode.c.objc; path = CampusListTableViewCell.m; sourceTree = "<group>"; };
		56061BA81B6BC4EE002F3499 /* back_button.png */ = {isa = PBXFileReference; lastKnownFileType = image.png; path = back_button.png; sourceTree = "<group>"; };
		56061BA91B6BC4EE002F3499 /* back_button@2x.png */ = {isa = PBXFileReference; lastKnownFileType = image.png; path = "back_button@2x.png"; sourceTree = "<group>"; };
		56061BAC1B6C5941002F3499 /* TsaoBackButton.h */ = {isa = PBXFileReference; fileEncoding = 4; lastKnownFileType = sourcecode.c.h; path = TsaoBackButton.h; sourceTree = "<group>"; };
		56061BAD1B6C5941002F3499 /* TsaoBackButton.m */ = {isa = PBXFileReference; fileEncoding = 4; lastKnownFileType = sourcecode.c.objc; path = TsaoBackButton.m; sourceTree = "<group>"; };
		56061BAF1B6C7F6B002F3499 /* Tool.h */ = {isa = PBXFileReference; fileEncoding = 4; lastKnownFileType = sourcecode.c.h; path = Tool.h; sourceTree = "<group>"; };
		56061BB01B6C7F6B002F3499 /* Tool.m */ = {isa = PBXFileReference; fileEncoding = 4; lastKnownFileType = sourcecode.c.objc; path = Tool.m; sourceTree = "<group>"; };
		56061BB21B6CBAE7002F3499 /* AFHTTPRequestOperationManager+Singleton.h */ = {isa = PBXFileReference; fileEncoding = 4; lastKnownFileType = sourcecode.c.h; path = "AFHTTPRequestOperationManager+Singleton.h"; sourceTree = "<group>"; };
		56061BB31B6CBAE7002F3499 /* AFHTTPRequestOperationManager+Singleton.m */ = {isa = PBXFileReference; fileEncoding = 4; lastKnownFileType = sourcecode.c.objc; path = "AFHTTPRequestOperationManager+Singleton.m"; sourceTree = "<group>"; };
		56061BB71B6CD88F002F3499 /* CampusModel.h */ = {isa = PBXFileReference; fileEncoding = 4; lastKnownFileType = sourcecode.c.h; path = CampusModel.h; sourceTree = "<group>"; };
		56061BB81B6CD88F002F3499 /* CampusModel.m */ = {isa = PBXFileReference; fileEncoding = 4; lastKnownFileType = sourcecode.c.objc; path = CampusModel.m; sourceTree = "<group>"; };
		56865C851B6B223C00A1B324 /* GuduMorning.app */ = {isa = PBXFileReference; explicitFileType = wrapper.application; includeInIndex = 0; path = GuduMorning.app; sourceTree = BUILT_PRODUCTS_DIR; };
		56865C891B6B223C00A1B324 /* Info.plist */ = {isa = PBXFileReference; lastKnownFileType = text.plist.xml; path = Info.plist; sourceTree = "<group>"; };
		56865C8A1B6B223C00A1B324 /* main.m */ = {isa = PBXFileReference; lastKnownFileType = sourcecode.c.objc; path = main.m; sourceTree = "<group>"; };
		56865C8C1B6B223C00A1B324 /* AppDelegate.h */ = {isa = PBXFileReference; lastKnownFileType = sourcecode.c.h; path = AppDelegate.h; sourceTree = "<group>"; };
		56865C8D1B6B223C00A1B324 /* AppDelegate.m */ = {isa = PBXFileReference; lastKnownFileType = sourcecode.c.objc; path = AppDelegate.m; sourceTree = "<group>"; };
		56865C961B6B223C00A1B324 /* Base */ = {isa = PBXFileReference; lastKnownFileType = file.storyboard; name = Base; path = Base.lproj/Main.storyboard; sourceTree = "<group>"; };
		56865C981B6B223C00A1B324 /* Images.xcassets */ = {isa = PBXFileReference; lastKnownFileType = folder.assetcatalog; path = Images.xcassets; sourceTree = "<group>"; };
		56865C9B1B6B223C00A1B324 /* Base */ = {isa = PBXFileReference; lastKnownFileType = file.xib; name = Base; path = Base.lproj/LaunchScreen.xib; sourceTree = "<group>"; };
		56865CA11B6B223C00A1B324 /* GuduMorningTests.xctest */ = {isa = PBXFileReference; explicitFileType = wrapper.cfbundle; includeInIndex = 0; path = GuduMorningTests.xctest; sourceTree = BUILT_PRODUCTS_DIR; };
		56865CA61B6B223C00A1B324 /* Info.plist */ = {isa = PBXFileReference; lastKnownFileType = text.plist.xml; path = Info.plist; sourceTree = "<group>"; };
		56865CA71B6B223C00A1B324 /* GuduMorningTests.m */ = {isa = PBXFileReference; lastKnownFileType = sourcecode.c.objc; path = GuduMorningTests.m; sourceTree = "<group>"; };
		56865CDD1B6B22E200A1B324 /* about_tab.png */ = {isa = PBXFileReference; lastKnownFileType = image.png; path = about_tab.png; sourceTree = "<group>"; };
		56865CDE1B6B22E200A1B324 /* about_tab@2x.png */ = {isa = PBXFileReference; lastKnownFileType = image.png; path = "about_tab@2x.png"; sourceTree = "<group>"; };
		56865CDF1B6B22E200A1B324 /* about_tab_select.png */ = {isa = PBXFileReference; lastKnownFileType = image.png; path = about_tab_select.png; sourceTree = "<group>"; };
		56865CE01B6B22E200A1B324 /* about_tab_select@2x.png */ = {isa = PBXFileReference; lastKnownFileType = image.png; path = "about_tab_select@2x.png"; sourceTree = "<group>"; };
		56865CE11B6B22E200A1B324 /* cart_tab.png */ = {isa = PBXFileReference; lastKnownFileType = image.png; path = cart_tab.png; sourceTree = "<group>"; };
		56865CE21B6B22E200A1B324 /* cart_tab@2x.png */ = {isa = PBXFileReference; lastKnownFileType = image.png; path = "cart_tab@2x.png"; sourceTree = "<group>"; };
		56865CE31B6B22E200A1B324 /* cart_tab_select.png */ = {isa = PBXFileReference; lastKnownFileType = image.png; path = cart_tab_select.png; sourceTree = "<group>"; };
		56865CE41B6B22E200A1B324 /* cart_tab_select@2x.png */ = {isa = PBXFileReference; lastKnownFileType = image.png; path = "cart_tab_select@2x.png"; sourceTree = "<group>"; };
		56865CE51B6B22E200A1B324 /* class_tab.png */ = {isa = PBXFileReference; lastKnownFileType = image.png; path = class_tab.png; sourceTree = "<group>"; };
		56865CE61B6B22E200A1B324 /* class_tab@2x.png */ = {isa = PBXFileReference; lastKnownFileType = image.png; path = "class_tab@2x.png"; sourceTree = "<group>"; };
		56865CE71B6B22E200A1B324 /* class_tab_select.png */ = {isa = PBXFileReference; lastKnownFileType = image.png; path = class_tab_select.png; sourceTree = "<group>"; };
		56865CE81B6B22E200A1B324 /* class_tab_select@2x.png */ = {isa = PBXFileReference; lastKnownFileType = image.png; path = "class_tab_select@2x.png"; sourceTree = "<group>"; };
		56865CE91B6B22E200A1B324 /* index_tab.png */ = {isa = PBXFileReference; lastKnownFileType = image.png; path = index_tab.png; sourceTree = "<group>"; };
		56865CEA1B6B22E200A1B324 /* index_tab@2x.png */ = {isa = PBXFileReference; lastKnownFileType = image.png; path = "index_tab@2x.png"; sourceTree = "<group>"; };
		56865CEB1B6B22E200A1B324 /* index_tab_select.png */ = {isa = PBXFileReference; lastKnownFileType = image.png; path = index_tab_select.png; sourceTree = "<group>"; };
		56865CEC1B6B22E200A1B324 /* index_tab_select@2x.png */ = {isa = PBXFileReference; lastKnownFileType = image.png; path = "index_tab_select@2x.png"; sourceTree = "<group>"; };
		56865CED1B6B22E200A1B324 /* my_tab.png */ = {isa = PBXFileReference; lastKnownFileType = image.png; path = my_tab.png; sourceTree = "<group>"; };
		56865CEE1B6B22E200A1B324 /* my_tab@2x.png */ = {isa = PBXFileReference; lastKnownFileType = image.png; path = "my_tab@2x.png"; sourceTree = "<group>"; };
		56865CEF1B6B22E200A1B324 /* my_tab_select.png */ = {isa = PBXFileReference; lastKnownFileType = image.png; path = my_tab_select.png; sourceTree = "<group>"; };
		56865CF01B6B22E200A1B324 /* my_tab_select@2x.png */ = {isa = PBXFileReference; lastKnownFileType = image.png; path = "my_tab_select@2x.png"; sourceTree = "<group>"; };
		56865D051B6B240A00A1B324 /* system.pch */ = {isa = PBXFileReference; lastKnownFileType = sourcecode.c.h; path = system.pch; sourceTree = "<group>"; };
		56C458461B6B33360053D825 /* CustomPopTransition.h */ = {isa = PBXFileReference; fileEncoding = 4; lastKnownFileType = sourcecode.c.h; path = CustomPopTransition.h; sourceTree = "<group>"; };
		56C458471B6B33360053D825 /* CustomPopTransition.m */ = {isa = PBXFileReference; fileEncoding = 4; lastKnownFileType = sourcecode.c.objc; path = CustomPopTransition.m; sourceTree = "<group>"; };
		56C4584B1B6B3D310053D825 /* MGImageUtilitiesAppDelegate.h */ = {isa = PBXFileReference; fileEncoding = 4; lastKnownFileType = sourcecode.c.h; path = MGImageUtilitiesAppDelegate.h; sourceTree = "<group>"; };
		56C4584C1B6B3D310053D825 /* MGImageUtilitiesAppDelegate.m */ = {isa = PBXFileReference; fileEncoding = 4; lastKnownFileType = sourcecode.c.objc; path = MGImageUtilitiesAppDelegate.m; sourceTree = "<group>"; };
		56C4584D1B6B3D310053D825 /* UIImage+ProportionalFill.h */ = {isa = PBXFileReference; fileEncoding = 4; lastKnownFileType = sourcecode.c.h; path = "UIImage+ProportionalFill.h"; sourceTree = "<group>"; };
		56C4584E1B6B3D310053D825 /* UIImage+ProportionalFill.m */ = {isa = PBXFileReference; fileEncoding = 4; lastKnownFileType = sourcecode.c.objc; path = "UIImage+ProportionalFill.m"; sourceTree = "<group>"; };
		56C4584F1B6B3D310053D825 /* UIImage+Tint.h */ = {isa = PBXFileReference; fileEncoding = 4; lastKnownFileType = sourcecode.c.h; path = "UIImage+Tint.h"; sourceTree = "<group>"; };
		56C458501B6B3D310053D825 /* UIImage+Tint.m */ = {isa = PBXFileReference; fileEncoding = 4; lastKnownFileType = sourcecode.c.objc; path = "UIImage+Tint.m"; sourceTree = "<group>"; };
		56C458561B6B424F0053D825 /* KLCPopup.h */ = {isa = PBXFileReference; fileEncoding = 4; lastKnownFileType = sourcecode.c.h; path = KLCPopup.h; sourceTree = "<group>"; };
		56C458571B6B424F0053D825 /* KLCPopup.m */ = {isa = PBXFileReference; fileEncoding = 4; lastKnownFileType = sourcecode.c.objc; path = KLCPopup.m; sourceTree = "<group>"; };
		56C4585A1B6B42690053D825 /* FirstViewController.h */ = {isa = PBXFileReference; fileEncoding = 4; lastKnownFileType = sourcecode.c.h; path = FirstViewController.h; sourceTree = "<group>"; };
		56C4585B1B6B42690053D825 /* FirstViewController.m */ = {isa = PBXFileReference; fileEncoding = 4; lastKnownFileType = sourcecode.c.objc; path = FirstViewController.m; sourceTree = "<group>"; };
		56C4585C1B6B42690053D825 /* PopGestureRecognizerController.h */ = {isa = PBXFileReference; fileEncoding = 4; lastKnownFileType = sourcecode.c.h; path = PopGestureRecognizerController.h; sourceTree = "<group>"; };
		56C4585D1B6B42690053D825 /* PopGestureRecognizerController.m */ = {isa = PBXFileReference; fileEncoding = 4; lastKnownFileType = sourcecode.c.objc; path = PopGestureRecognizerController.m; sourceTree = "<group>"; };
		56C4585E1B6B42690053D825 /* SecondViewController.h */ = {isa = PBXFileReference; fileEncoding = 4; lastKnownFileType = sourcecode.c.h; path = SecondViewController.h; sourceTree = "<group>"; };
		56C4585F1B6B42690053D825 /* SecondViewController.m */ = {isa = PBXFileReference; fileEncoding = 4; lastKnownFileType = sourcecode.c.objc; path = SecondViewController.m; sourceTree = "<group>"; };
		56C458601B6B42690053D825 /* TsaoTabbarController.h */ = {isa = PBXFileReference; fileEncoding = 4; lastKnownFileType = sourcecode.c.h; path = TsaoTabbarController.h; sourceTree = "<group>"; };
		56C458611B6B42690053D825 /* TsaoTabbarController.m */ = {isa = PBXFileReference; fileEncoding = 4; lastKnownFileType = sourcecode.c.objc; path = TsaoTabbarController.m; sourceTree = "<group>"; };
		56C458671B6B42BA0053D825 /* ChooseListView.h */ = {isa = PBXFileReference; fileEncoding = 4; lastKnownFileType = sourcecode.c.h; path = ChooseListView.h; sourceTree = "<group>"; };
		56C458681B6B42BA0053D825 /* ChooseListView.m */ = {isa = PBXFileReference; fileEncoding = 4; lastKnownFileType = sourcecode.c.objc; path = ChooseListView.m; sourceTree = "<group>"; };
		56C4586A1B6B6BFB0053D825 /* UIViewController+TsaoNavigationBar.h */ = {isa = PBXFileReference; fileEncoding = 4; lastKnownFileType = sourcecode.c.h; path = "UIViewController+TsaoNavigationBar.h"; sourceTree = "<group>"; };
		56C4586B1B6B6BFB0053D825 /* UIViewController+TsaoNavigationBar.m */ = {isa = PBXFileReference; fileEncoding = 4; lastKnownFileType = sourcecode.c.objc; path = "UIViewController+TsaoNavigationBar.m"; sourceTree = "<group>"; };
		56C45B4A1B6B72A00053D825 /* TsaoBaseViewController.h */ = {isa = PBXFileReference; fileEncoding = 4; lastKnownFileType = sourcecode.c.h; path = TsaoBaseViewController.h; sourceTree = "<group>"; };
		56C45B4B1B6B72A00053D825 /* TsaoBaseViewController.m */ = {isa = PBXFileReference; fileEncoding = 4; lastKnownFileType = sourcecode.c.objc; path = TsaoBaseViewController.m; sourceTree = "<group>"; };
		7012629765EF15A10449A7A1 /* Pods.release.xcconfig */ = {isa = PBXFileReference; includeInIndex = 1; lastKnownFileType = text.xcconfig; name = Pods.release.xcconfig; path = "Pods/Target Support Files/Pods/Pods.release.xcconfig"; sourceTree = "<group>"; };
		86B9BFDA081524C1C477C05E /* libPods.a */ = {isa = PBXFileReference; explicitFileType = archive.ar; includeInIndex = 0; path = libPods.a; sourceTree = BUILT_PRODUCTS_DIR; };
		CD723B7FCABE27EBA80C21FA /* Pods.debug.xcconfig */ = {isa = PBXFileReference; includeInIndex = 1; lastKnownFileType = text.xcconfig; name = Pods.debug.xcconfig; path = "Pods/Target Support Files/Pods/Pods.debug.xcconfig"; sourceTree = "<group>"; };
/* End PBXFileReference section */

/* Begin PBXFrameworksBuildPhase section */
		56865C821B6B223C00A1B324 /* Frameworks */ = {
			isa = PBXFrameworksBuildPhase;
			buildActionMask = 2147483647;
			files = (
				04D23C811B8F377500250726 /* libc++.dylib in Frameworks */,
				04D23C7C1B8F080800250726 /* Realm.framework in Frameworks */,
				1C2EEFC20B1788EC57DBAD78 /* libPods.a in Frameworks */,
			);
			runOnlyForDeploymentPostprocessing = 0;
		};
		56865C9E1B6B223C00A1B324 /* Frameworks */ = {
			isa = PBXFrameworksBuildPhase;
			buildActionMask = 2147483647;
			files = (
			);
			runOnlyForDeploymentPostprocessing = 0;
		};
/* End PBXFrameworksBuildPhase section */

/* Begin PBXGroup section */
		04072CC81B8C31F700B68A21 /* Theme */ = {
			isa = PBXGroup;
			children = (
				04072CC91B8C31F700B68A21 /* MegaTheme.h */,
				04072CCA1B8C31F700B68A21 /* MegaTheme.m */,
			);
			path = Theme;
			sourceTree = "<group>";
		};
		04072CCC1B8C323100B68A21 /* MenuViewController */ = {
			isa = PBXGroup;
			children = (
				04072CCD1B8C325B00B68A21 /* ProductTableViewCell.h */,
				04072CCE1B8C325B00B68A21 /* ProductTableViewCell.m */,
				04072CD01B8C346C00B68A21 /* ProductTableViewController.h */,
				04072CD11B8C346C00B68A21 /* ProductTableViewController.m */,
			);
			name = MenuViewController;
			sourceTree = "<group>";
		};
		04072CD51B8C47AB00B68A21 /* StoreIndexViewController */ = {
			isa = PBXGroup;
			children = (
				04072CD61B8C47AB00B68A21 /* MapEventController.h */,
				04072CD71B8C47AB00B68A21 /* MapEventController.m */,
			);
			path = StoreIndexViewController;
			sourceTree = "<group>";
		};
		04072CD91B8C4BAC00B68A21 /* EmbedModel */ = {
			isa = PBXGroup;
			children = (
				04072CDA1B8C4C0700B68A21 /* GeoJSONModel.h */,
				04072CDB1B8C4C0700B68A21 /* GeoJSONModel.m */,
			);
			name = EmbedModel;
			sourceTree = "<group>";
		};
		04072CED1B8C993900B68A21 /* Product */ = {
			isa = PBXGroup;
			children = (
				04072CF11B8C9A1A00B68A21 /* ProductImageCell.h */,
				04072CF21B8C9A1A00B68A21 /* ProductImageCell.m */,
			);
			path = Product;
			sourceTree = "<group>";
		};
		041151601B8EE832000B3A88 /* CartViewController */ = {
			isa = PBXGroup;
			children = (
				041151611B8EE832000B3A88 /* CartCell.h */,
				041151621B8EE832000B3A88 /* CartCell.m */,
			);
			path = CartViewController;
			sourceTree = "<group>";
		};
		047406CC1B7B413400AE05BE /* Icon */ = {
			isa = PBXGroup;
			children = (
				04072CE91B8C6BC200B68A21 /* phone.png */,
				04072CEA1B8C6BC200B68A21 /* phone@2x.png */,
				04072CE31B8C5EFD00B68A21 /* event-club.png */,
				04072CE41B8C5EFD00B68A21 /* event-club@2x.png */,
				04072CE51B8C5EFD00B68A21 /* event-club@3x.png */,
				04F2D1641B86FC200016FB91 /* icon_arrow_dropdown_normal.png */,
				04F2D1651B86FC200016FB91 /* icon_arrow_dropdown_selected.png */,
				047406D11B7B47C400AE05BE /* icon_homepage_downArrow@2x.png */,
				04072CDD1B8C527900B68A21 /* map-annotation.png */,
				04072CE11B8C52CF00B68A21 /* map-annotation@2x.png */,
				04072CDE1B8C527900B68A21 /* map-annotation@3x.png */,
				047406CD1B7B413400AE05BE /* search.png */,
				047406CF1B7B415300AE05BE /* search@2x.png */,
			);
			path = Icon;
			sourceTree = "<group>";
		};
		049601761B8DB88200AEFFD8 /* ADVProgressControl */ = {
			isa = PBXGroup;
			children = (
				049601771B8DB88200AEFFD8 /* ADVProgressControl.h */,
				049601781B8DB88200AEFFD8 /* ADVProgressControl.m */,
				049601791B8DB88200AEFFD8 /* ADVProgressLayer.h */,
				0496017A1B8DB88200AEFFD8 /* ADVProgressLayer.m */,
			);
			path = ADVProgressControl;
			sourceTree = "<group>";
		};
		04D23C771B8F00A000250726 /* Realm */ = {
			isa = PBXGroup;
			children = (
				04D23C851B8F3F7D00250726 /* InMemroyModel */,
				04D23C781B8F00B000250726 /* CartItem.h */,
				04D23C791B8F00B000250726 /* CartItem.m */,
				04D23C821B8F3E5E00250726 /* RealmManager.h */,
				04D23C831B8F3E5E00250726 /* RealmManager.m */,
			);
			path = Realm;
			sourceTree = "<group>";
		};
		04D23C851B8F3F7D00250726 /* InMemroyModel */ = {
			isa = PBXGroup;
			children = (
				04D23C861B8F414300250726 /* RealmProductModel.h */,
				04D23C871B8F414300250726 /* RealmProductModel.m */,
				04D23C891B8F419600250726 /* RealmSpecificationModel.h */,
				04D23C8A1B8F419600250726 /* RealmSpecificationModel.m */,
			);
			name = InMemroyModel;
			sourceTree = "<group>";
		};
		04F2CCF21B845A580016FB91 /* Background */ = {
			isa = PBXGroup;
			children = (
				04F2CCF51B845C0D0016FB91 /* restaurant_icons.png */,
				04F2CCF31B845A580016FB91 /* paisley.png */,
			);
			path = Background;
			sourceTree = "<group>";
		};
		04F2CCFD1B85AC660016FB91 /* FirstViewController */ = {
			isa = PBXGroup;
			children = (
				04F2CCFE1B85AC930016FB91 /* TsaoStoreListTableViewCell.h */,
				04F2CCFF1B85AC930016FB91 /* TsaoStoreListTableViewCell.m */,
				04F2D1681B87030B0016FB91 /* SearchResultTableView.h */,
				04F2D1691B87030B0016FB91 /* SearchResultTableView.m */,
				04F2D16E1B8707F10016FB91 /* SearchResultTableViewCell.h */,
				04F2D16F1B8707F10016FB91 /* SearchResultTableViewCell.m */,
			);
			path = FirstViewController;
			sourceTree = "<group>";
		};
		04F2D1601B86ECA40016FB91 /* FXBlurView */ = {
			isa = PBXGroup;
			children = (
				04F2D1611B86ECA40016FB91 /* FXBlurView.h */,
				04F2D1621B86ECA40016FB91 /* FXBlurView.m */,
			);
			path = FXBlurView;
			sourceTree = "<group>";
		};
		56061BA71B6BC4EE002F3499 /* UI */ = {
			isa = PBXGroup;
			children = (
				56061BA81B6BC4EE002F3499 /* back_button.png */,
				56061BA91B6BC4EE002F3499 /* back_button@2x.png */,
			);
			path = UI;
			sourceTree = "<group>";
		};
		56061BB61B6CD885002F3499 /* Model */ = {
			isa = PBXGroup;
			children = (
				04072CD91B8C4BAC00B68A21 /* EmbedModel */,
				56061BB71B6CD88F002F3499 /* CampusModel.h */,
				56061BB81B6CD88F002F3499 /* CampusModel.m */,
				04F2CCF71B84761A0016FB91 /* StoreModel.h */,
				04F2CCF81B84761A0016FB91 /* StoreModel.m */,
				04F2CCFA1B8478C50016FB91 /* OwnerModel.h */,
				04F2CCFB1B8478C50016FB91 /* OwnerModel.m */,
				04F2D16B1B8704340016FB91 /* SearchResultModel.h */,
				04F2D16C1B8704340016FB91 /* SearchResultModel.m */,
				04F2D1711B870AD30016FB91 /* ProductModel.h */,
				04F2D1721B870AD30016FB91 /* ProductModel.m */,
				04F2D1741B870BE60016FB91 /* SpecificationModel.h */,
				04F2D1751B870BE60016FB91 /* SpecificationModel.m */,
				04F2D1771B870D040016FB91 /* NutritionModel.h */,
				04F2D1781B870D040016FB91 /* NutritionModel.m */,
				049601701B8D7C9100AEFFD8 /* ProductImageModel.h */,
				049601711B8D7C9100AEFFD8 /* ProductImageModel.m */,
			);
			path = Model;
			sourceTree = "<group>";
		};
		56865C7C1B6B223C00A1B324 = {
			isa = PBXGroup;
			children = (
				56865C871B6B223C00A1B324 /* GuduMorning */,
				56865CA41B6B223C00A1B324 /* GuduMorningTests */,
				56865C861B6B223C00A1B324 /* Products */,
				C1B19ACDDB454A53F351535C /* Pods */,
				E41DA25CAEA556E4645DB4FB /* Frameworks */,
			);
			sourceTree = "<group>";
		};
		56865C861B6B223C00A1B324 /* Products */ = {
			isa = PBXGroup;
			children = (
				56865C851B6B223C00A1B324 /* GuduMorning.app */,
				56865CA11B6B223C00A1B324 /* GuduMorningTests.xctest */,
			);
			name = Products;
			sourceTree = "<group>";
		};
		56865C871B6B223C00A1B324 /* GuduMorning */ = {
			isa = PBXGroup;
			children = (
				56865C8C1B6B223C00A1B324 /* AppDelegate.h */,
				56865C8D1B6B223C00A1B324 /* AppDelegate.m */,
				56865C981B6B223C00A1B324 /* Images.xcassets */,
				04D23C771B8F00A000250726 /* Realm */,
				56C458591B6B42690053D825 /* Controllers */,
				56C458541B6B424F0053D825 /* Library */,
				56C4584A1B6B3D310053D825 /* Category */,
				56C458661B6B42840053D825 /* View */,
				56C458451B6B33360053D825 /* Class */,
				56061BB61B6CD885002F3499 /* Model */,
				56865D071B6B28D300A1B324 /* Storyboard */,
				56865D081B6B28E500A1B324 /* XIB */,
				56865C881B6B223C00A1B324 /* Supporting Files */,
			);
			path = GuduMorning;
			sourceTree = "<group>";
		};
		56865C881B6B223C00A1B324 /* Supporting Files */ = {
			isa = PBXGroup;
			children = (
				56865CDB1B6B22E200A1B324 /* Resource */,
				56865C891B6B223C00A1B324 /* Info.plist */,
				56865C8A1B6B223C00A1B324 /* main.m */,
				56865D051B6B240A00A1B324 /* system.pch */,
			);
			name = "Supporting Files";
			sourceTree = "<group>";
		};
		56865CA41B6B223C00A1B324 /* GuduMorningTests */ = {
			isa = PBXGroup;
			children = (
				56865CA71B6B223C00A1B324 /* GuduMorningTests.m */,
				56865CA51B6B223C00A1B324 /* Supporting Files */,
			);
			path = GuduMorningTests;
			sourceTree = "<group>";
		};
		56865CA51B6B223C00A1B324 /* Supporting Files */ = {
			isa = PBXGroup;
			children = (
				56865CA61B6B223C00A1B324 /* Info.plist */,
			);
			name = "Supporting Files";
			sourceTree = "<group>";
		};
		56865CDB1B6B22E200A1B324 /* Resource */ = {
			isa = PBXGroup;
			children = (
				04F2CCF21B845A580016FB91 /* Background */,
				047406CC1B7B413400AE05BE /* Icon */,
				56061BA71B6BC4EE002F3499 /* UI */,
				56865CDC1B6B22E200A1B324 /* Tab */,
			);
			path = Resource;
			sourceTree = "<group>";
		};
		56865CDC1B6B22E200A1B324 /* Tab */ = {
			isa = PBXGroup;
			children = (
				56865CDD1B6B22E200A1B324 /* about_tab.png */,
				56865CDE1B6B22E200A1B324 /* about_tab@2x.png */,
				56865CDF1B6B22E200A1B324 /* about_tab_select.png */,
				56865CE01B6B22E200A1B324 /* about_tab_select@2x.png */,
				56865CE11B6B22E200A1B324 /* cart_tab.png */,
				56865CE21B6B22E200A1B324 /* cart_tab@2x.png */,
				56865CE31B6B22E200A1B324 /* cart_tab_select.png */,
				56865CE41B6B22E200A1B324 /* cart_tab_select@2x.png */,
				56865CE51B6B22E200A1B324 /* class_tab.png */,
				56865CE61B6B22E200A1B324 /* class_tab@2x.png */,
				56865CE71B6B22E200A1B324 /* class_tab_select.png */,
				56865CE81B6B22E200A1B324 /* class_tab_select@2x.png */,
				56865CE91B6B22E200A1B324 /* index_tab.png */,
				56865CEA1B6B22E200A1B324 /* index_tab@2x.png */,
				56865CEB1B6B22E200A1B324 /* index_tab_select.png */,
				56865CEC1B6B22E200A1B324 /* index_tab_select@2x.png */,
				56865CED1B6B22E200A1B324 /* my_tab.png */,
				56865CEE1B6B22E200A1B324 /* my_tab@2x.png */,
				56865CEF1B6B22E200A1B324 /* my_tab_select.png */,
				56865CF01B6B22E200A1B324 /* my_tab_select@2x.png */,
			);
			path = Tab;
			sourceTree = "<group>";
		};
		56865D071B6B28D300A1B324 /* Storyboard */ = {
			isa = PBXGroup;
			children = (
				56865C951B6B223C00A1B324 /* Main.storyboard */,
				0411515B1B8EE795000B3A88 /* Cart.storyboard */,
			);
			name = Storyboard;
			sourceTree = "<group>";
		};
		56865D081B6B28E500A1B324 /* XIB */ = {
			isa = PBXGroup;
			children = (
				56865C9A1B6B223C00A1B324 /* LaunchScreen.xib */,
			);
			name = XIB;
			sourceTree = "<group>";
		};
		56C458451B6B33360053D825 /* Class */ = {
			isa = PBXGroup;
			children = (
				04072CC81B8C31F700B68A21 /* Theme */,
				56C458461B6B33360053D825 /* CustomPopTransition.h */,
				56C458471B6B33360053D825 /* CustomPopTransition.m */,
				56061BAF1B6C7F6B002F3499 /* Tool.h */,
				56061BB01B6C7F6B002F3499 /* Tool.m */,
			);
			path = Class;
			sourceTree = "<group>";
		};
		56C4584A1B6B3D310053D825 /* Category */ = {
			isa = PBXGroup;
			children = (
				56C4584B1B6B3D310053D825 /* MGImageUtilitiesAppDelegate.h */,
				56C4584C1B6B3D310053D825 /* MGImageUtilitiesAppDelegate.m */,
				56C4584D1B6B3D310053D825 /* UIImage+ProportionalFill.h */,
				56C4584E1B6B3D310053D825 /* UIImage+ProportionalFill.m */,
				56C4584F1B6B3D310053D825 /* UIImage+Tint.h */,
				56C458501B6B3D310053D825 /* UIImage+Tint.m */,
				56C4586A1B6B6BFB0053D825 /* UIViewController+TsaoNavigationBar.h */,
				56C4586B1B6B6BFB0053D825 /* UIViewController+TsaoNavigationBar.m */,
				56061BB21B6CBAE7002F3499 /* AFHTTPRequestOperationManager+Singleton.h */,
				56061BB31B6CBAE7002F3499 /* AFHTTPRequestOperationManager+Singleton.m */,
				04F2CD011B86BC650016FB91 /* UIView+CreateBorder.h */,
				04F2CD021B86BC650016FB91 /* UIView+CreateBorder.m */,
				04F2CD041B86E01B0016FB91 /* UIView+Capture.h */,
				04F2CD051B86E01B0016FB91 /* UIView+Capture.m */,
				0496016D1B8D67D700AEFFD8 /* UIViewController+CustomNavLeftItem.h */,
				0496016E1B8D67D700AEFFD8 /* UIViewController+CustomNavLeftItem.m */,
			);
			path = Category;
			sourceTree = "<group>";
		};
		56C458541B6B424F0053D825 /* Library */ = {
			isa = PBXGroup;
			children = (
				04D23C7B1B8F080800250726 /* Realm.framework */,
				049601761B8DB88200AEFFD8 /* ADVProgressControl */,
				04F2D1601B86ECA40016FB91 /* FXBlurView */,
				56C458551B6B424F0053D825 /* KLCPopup */,
			);
			path = Library;
			sourceTree = "<group>";
		};
		56C458551B6B424F0053D825 /* KLCPopup */ = {
			isa = PBXGroup;
			children = (
				56C458561B6B424F0053D825 /* KLCPopup.h */,
				56C458571B6B424F0053D825 /* KLCPopup.m */,
			);
			path = KLCPopup;
			sourceTree = "<group>";
		};
		56C458591B6B42690053D825 /* Controllers */ = {
			isa = PBXGroup;
			children = (
				0411515D1B8EE7DE000B3A88 /* CartViewController.h */,
				0411515E1B8EE7DE000B3A88 /* CartViewController.m */,
				04F2D17A1B89B18F0016FB91 /* CampusListTableViewController.h */,
				04F2D17B1B89B18F0016FB91 /* CampusListTableViewController.m */,
				56C4585A1B6B42690053D825 /* FirstViewController.h */,
				56C4585B1B6B42690053D825 /* FirstViewController.m */,
				04072CC21B8AE2CA00B68A21 /* MenuViewController.h */,
				04072CC31B8AE2CA00B68A21 /* MenuViewController.m */,
				56C4585C1B6B42690053D825 /* PopGestureRecognizerController.h */,
				56C4585D1B6B42690053D825 /* PopGestureRecognizerController.m */,
				04072CED1B8C993900B68A21 /* Product */,
				04072CEE1B8C994900B68A21 /* ProductScrollViewController.h */,
				04072CEF1B8C994900B68A21 /* ProductScrollViewController.m */,
				56C4585E1B6B42690053D825 /* SecondViewController.h */,
				56C4585F1B6B42690053D825 /* SecondViewController.m */,
				04072CD51B8C47AB00B68A21 /* StoreIndexViewController */,
				04072CC51B8AE40100B68A21 /* StoreIndexViewController.h */,
				04072CC61B8AE40100B68A21 /* StoreIndexViewController.m */,
				56C45B4A1B6B72A00053D825 /* TsaoBaseViewController.h */,
				56C45B4B1B6B72A00053D825 /* TsaoBaseViewController.m */,
				56C458601B6B42690053D825 /* TsaoTabbarController.h */,
				56C458611B6B42690053D825 /* TsaoTabbarController.m */,
				049601731B8DA7A200AEFFD8 /* ProductWrapperViewController.h */,
				049601741B8DA7A200AEFFD8 /* ProductWrapperViewController.m */,
			);
			path = Controllers;
			sourceTree = "<group>";
		};
		56C458661B6B42840053D825 /* View */ = {
			isa = PBXGroup;
			children = (
				041151601B8EE832000B3A88 /* CartViewController */,
				04072CCC1B8C323100B68A21 /* MenuViewController */,
				04F2CCFD1B85AC660016FB91 /* FirstViewController */,
				56C458671B6B42BA0053D825 /* ChooseListView.h */,
				56C458681B6B42BA0053D825 /* ChooseListView.m */,
				56061BAC1B6C5941002F3499 /* TsaoBackButton.h */,
				56061BAD1B6C5941002F3499 /* TsaoBackButton.m */,
				047406C51B7B3FFE00AE05BE /* TsaoSearchBar.h */,
				047406C61B7B3FFE00AE05BE /* TsaoSearchBar.m */,
				04F2D17D1B89BA700016FB91 /* CampusListTableViewCell.h */,
				04F2D17E1B89BA700016FB91 /* CampusListTableViewCell.m */,
				04D23C7D1B8F312700250726 /* RoundButton.h */,
				04D23C7E1B8F312700250726 /* RoundButton.m */,
			);
			path = View;
			sourceTree = "<group>";
		};
		C1B19ACDDB454A53F351535C /* Pods */ = {
			isa = PBXGroup;
			children = (
				CD723B7FCABE27EBA80C21FA /* Pods.debug.xcconfig */,
				7012629765EF15A10449A7A1 /* Pods.release.xcconfig */,
			);
			name = Pods;
			sourceTree = "<group>";
		};
		E41DA25CAEA556E4645DB4FB /* Frameworks */ = {
			isa = PBXGroup;
			children = (
				04D23C801B8F377500250726 /* libc++.dylib */,
				86B9BFDA081524C1C477C05E /* libPods.a */,
			);
			name = Frameworks;
			sourceTree = "<group>";
		};
/* End PBXGroup section */

/* Begin PBXNativeTarget section */
		56865C841B6B223C00A1B324 /* GuduMorning */ = {
			isa = PBXNativeTarget;
			buildConfigurationList = 56865CAB1B6B223C00A1B324 /* Build configuration list for PBXNativeTarget "GuduMorning" */;
			buildPhases = (
				721299CBCFEA4EA1813B89D5 /* Check Pods Manifest.lock */,
				56865C811B6B223C00A1B324 /* Sources */,
				56865C821B6B223C00A1B324 /* Frameworks */,
				56865C831B6B223C00A1B324 /* Resources */,
				3715E901A1689E46929B652B /* Copy Pods Resources */,
			);
			buildRules = (
			);
			dependencies = (
			);
			name = GuduMorning;
			productName = GuduMorning;
			productReference = 56865C851B6B223C00A1B324 /* GuduMorning.app */;
			productType = "com.apple.product-type.application";
		};
		56865CA01B6B223C00A1B324 /* GuduMorningTests */ = {
			isa = PBXNativeTarget;
			buildConfigurationList = 56865CAE1B6B223C00A1B324 /* Build configuration list for PBXNativeTarget "GuduMorningTests" */;
			buildPhases = (
				56865C9D1B6B223C00A1B324 /* Sources */,
				56865C9E1B6B223C00A1B324 /* Frameworks */,
				56865C9F1B6B223C00A1B324 /* Resources */,
			);
			buildRules = (
			);
			dependencies = (
				56865CA31B6B223C00A1B324 /* PBXTargetDependency */,
			);
			name = GuduMorningTests;
			productName = GuduMorningTests;
			productReference = 56865CA11B6B223C00A1B324 /* GuduMorningTests.xctest */;
			productType = "com.apple.product-type.bundle.unit-test";
		};
/* End PBXNativeTarget section */

/* Begin PBXProject section */
		56865C7D1B6B223C00A1B324 /* Project object */ = {
			isa = PBXProject;
			attributes = {
				LastUpgradeCheck = 0630;
				ORGANIZATIONNAME = FinalFerrumbox;
				TargetAttributes = {
					56865C841B6B223C00A1B324 = {
						CreatedOnToolsVersion = 6.3.2;
						DevelopmentTeam = XY88E4HRCW;
					};
					56865CA01B6B223C00A1B324 = {
						CreatedOnToolsVersion = 6.3.2;
						TestTargetID = 56865C841B6B223C00A1B324;
					};
				};
			};
			buildConfigurationList = 56865C801B6B223C00A1B324 /* Build configuration list for PBXProject "GuduMorning" */;
			compatibilityVersion = "Xcode 3.2";
			developmentRegion = English;
			hasScannedForEncodings = 0;
			knownRegions = (
				en,
				Base,
			);
			mainGroup = 56865C7C1B6B223C00A1B324;
			productRefGroup = 56865C861B6B223C00A1B324 /* Products */;
			projectDirPath = "";
			projectRoot = "";
			targets = (
				56865C841B6B223C00A1B324 /* GuduMorning */,
				56865CA01B6B223C00A1B324 /* GuduMorningTests */,
			);
		};
/* End PBXProject section */

/* Begin PBXResourcesBuildPhase section */
		56865C831B6B223C00A1B324 /* Resources */ = {
			isa = PBXResourcesBuildPhase;
			buildActionMask = 2147483647;
			files = (
				56865D001B6B22E200A1B324 /* index_tab_select@2x.png in Resources */,
				56865CF91B6B22E200A1B324 /* class_tab.png in Resources */,
				56865C971B6B223C00A1B324 /* Main.storyboard in Resources */,
				04F2CCF61B845C0D0016FB91 /* restaurant_icons.png in Resources */,
				04072CE71B8C5EFD00B68A21 /* event-club@2x.png in Resources */,
				56865CFF1B6B22E200A1B324 /* index_tab_select.png in Resources */,
				56865CF11B6B22E200A1B324 /* about_tab.png in Resources */,
				56061BAB1B6BC4EE002F3499 /* back_button@2x.png in Resources */,
				56865CFC1B6B22E200A1B324 /* class_tab_select@2x.png in Resources */,
				56865C9C1B6B223C00A1B324 /* LaunchScreen.xib in Resources */,
				56865CFB1B6B22E200A1B324 /* class_tab_select.png in Resources */,
				56865CF41B6B22E200A1B324 /* about_tab_select@2x.png in Resources */,
				56865D011B6B22E200A1B324 /* my_tab.png in Resources */,
				56865D041B6B22E200A1B324 /* my_tab_select@2x.png in Resources */,
				56865CF21B6B22E200A1B324 /* about_tab@2x.png in Resources */,
				04072CE61B8C5EFD00B68A21 /* event-club.png in Resources */,
				56865CF71B6B22E200A1B324 /* cart_tab_select.png in Resources */,
				56865C991B6B223C00A1B324 /* Images.xcassets in Resources */,
				04F2CCF41B845A580016FB91 /* paisley.png in Resources */,
				56061BAA1B6BC4EE002F3499 /* back_button.png in Resources */,
				04072CDF1B8C527900B68A21 /* map-annotation.png in Resources */,
				0411515C1B8EE795000B3A88 /* Cart.storyboard in Resources */,
				04072CE21B8C52CF00B68A21 /* map-annotation@2x.png in Resources */,
				56865CF81B6B22E200A1B324 /* cart_tab_select@2x.png in Resources */,
				56865CFE1B6B22E200A1B324 /* index_tab@2x.png in Resources */,
				04F2D1671B86FC200016FB91 /* icon_arrow_dropdown_selected.png in Resources */,
				047406D01B7B415300AE05BE /* search@2x.png in Resources */,
				56865D031B6B22E200A1B324 /* my_tab_select.png in Resources */,
				04072CEC1B8C6BC200B68A21 /* phone@2x.png in Resources */,
				56865CF31B6B22E200A1B324 /* about_tab_select.png in Resources */,
				56865CFA1B6B22E200A1B324 /* class_tab@2x.png in Resources */,
				047406CE1B7B413400AE05BE /* search.png in Resources */,
				04072CE81B8C5EFD00B68A21 /* event-club@3x.png in Resources */,
				56865CF51B6B22E200A1B324 /* cart_tab.png in Resources */,
				04072CEB1B8C6BC200B68A21 /* phone.png in Resources */,
				56865CFD1B6B22E200A1B324 /* index_tab.png in Resources */,
				56865CF61B6B22E200A1B324 /* cart_tab@2x.png in Resources */,
				04072CE01B8C527900B68A21 /* map-annotation@3x.png in Resources */,
				04F2D1661B86FC200016FB91 /* icon_arrow_dropdown_normal.png in Resources */,
				56865D021B6B22E200A1B324 /* my_tab@2x.png in Resources */,
				047406D21B7B47C400AE05BE /* icon_homepage_downArrow@2x.png in Resources */,
			);
			runOnlyForDeploymentPostprocessing = 0;
		};
		56865C9F1B6B223C00A1B324 /* Resources */ = {
			isa = PBXResourcesBuildPhase;
			buildActionMask = 2147483647;
			files = (
			);
			runOnlyForDeploymentPostprocessing = 0;
		};
/* End PBXResourcesBuildPhase section */

/* Begin PBXShellScriptBuildPhase section */
		3715E901A1689E46929B652B /* Copy Pods Resources */ = {
			isa = PBXShellScriptBuildPhase;
			buildActionMask = 2147483647;
			files = (
			);
			inputPaths = (
			);
			name = "Copy Pods Resources";
			outputPaths = (
			);
			runOnlyForDeploymentPostprocessing = 0;
			shellPath = /bin/sh;
			shellScript = "\"${SRCROOT}/Pods/Target Support Files/Pods/Pods-resources.sh\"\n";
			showEnvVarsInLog = 0;
		};
		721299CBCFEA4EA1813B89D5 /* Check Pods Manifest.lock */ = {
			isa = PBXShellScriptBuildPhase;
			buildActionMask = 2147483647;
			files = (
			);
			inputPaths = (
			);
			name = "Check Pods Manifest.lock";
			outputPaths = (
			);
			runOnlyForDeploymentPostprocessing = 0;
			shellPath = /bin/sh;
			shellScript = "diff \"${PODS_ROOT}/../Podfile.lock\" \"${PODS_ROOT}/Manifest.lock\" > /dev/null\nif [[ $? != 0 ]] ; then\n    cat << EOM\nerror: The sandbox is not in sync with the Podfile.lock. Run 'pod install' or update your CocoaPods installation.\nEOM\n    exit 1\nfi\n";
			showEnvVarsInLog = 0;
		};
/* End PBXShellScriptBuildPhase section */

/* Begin PBXSourcesBuildPhase section */
		56865C811B6B223C00A1B324 /* Sources */ = {
			isa = PBXSourcesBuildPhase;
			buildActionMask = 2147483647;
			files = (
				56C458641B6B42690053D825 /* SecondViewController.m in Sources */,
				049601721B8D7C9100AEFFD8 /* ProductImageModel.m in Sources */,
				04D23C7A1B8F00B000250726 /* CartItem.m in Sources */,
				041151631B8EE832000B3A88 /* CartCell.m in Sources */,
				04072CC41B8AE2CA00B68A21 /* MenuViewController.m in Sources */,
				0496017C1B8DB88200AEFFD8 /* ADVProgressLayer.m in Sources */,
				04F2D16D1B8704340016FB91 /* SearchResultModel.m in Sources */,
				56865C8E1B6B223C00A1B324 /* AppDelegate.m in Sources */,
				047406C71B7B3FFE00AE05BE /* TsaoSearchBar.m in Sources */,
				04F2CD061B86E01B0016FB91 /* UIView+Capture.m in Sources */,
				04072CCF1B8C325B00B68A21 /* ProductTableViewCell.m in Sources */,
				04072CDC1B8C4C0700B68A21 /* GeoJSONModel.m in Sources */,
				56C458531B6B3D310053D825 /* UIImage+Tint.m in Sources */,
				049601751B8DA7A200AEFFD8 /* ProductWrapperViewController.m in Sources */,
				04F2D17C1B89B18F0016FB91 /* CampusListTableViewController.m in Sources */,
				04F2D1701B8707F10016FB91 /* SearchResultTableViewCell.m in Sources */,
				56C458481B6B33360053D825 /* CustomPopTransition.m in Sources */,
				04072CD21B8C346C00B68A21 /* ProductTableViewController.m in Sources */,
				56061BB91B6CD88F002F3499 /* CampusModel.m in Sources */,
				04D23C8B1B8F419600250726 /* RealmSpecificationModel.m in Sources */,
				56C458521B6B3D310053D825 /* UIImage+ProportionalFill.m in Sources */,
				56C458651B6B42690053D825 /* TsaoTabbarController.m in Sources */,
				56C458691B6B42BA0053D825 /* ChooseListView.m in Sources */,
				56C458631B6B42690053D825 /* PopGestureRecognizerController.m in Sources */,
				04072CF01B8C994900B68A21 /* ProductScrollViewController.m in Sources */,
				56061BAE1B6C5941002F3499 /* TsaoBackButton.m in Sources */,
				04F2D16A1B87030B0016FB91 /* SearchResultTableView.m in Sources */,
				04D23C881B8F414300250726 /* RealmProductModel.m in Sources */,
				04F2D17F1B89BA700016FB91 /* CampusListTableViewCell.m in Sources */,
				04F2D1631B86ECA40016FB91 /* FXBlurView.m in Sources */,
				04072CCB1B8C31F700B68A21 /* MegaTheme.m in Sources */,
				04D23C841B8F3E5E00250726 /* RealmManager.m in Sources */,
				56C458581B6B424F0053D825 /* KLCPopup.m in Sources */,
				56061BB41B6CBAE7002F3499 /* AFHTTPRequestOperationManager+Singleton.m in Sources */,
				04F2D1791B870D040016FB91 /* NutritionModel.m in Sources */,
				04F2CCF91B84761A0016FB91 /* StoreModel.m in Sources */,
				04F2D1731B870AD30016FB91 /* ProductModel.m in Sources */,
				0496016F1B8D67D700AEFFD8 /* UIViewController+CustomNavLeftItem.m in Sources */,
				04F2CD031B86BC650016FB91 /* UIView+CreateBorder.m in Sources */,
				56865C8B1B6B223C00A1B324 /* main.m in Sources */,
				04D23C7F1B8F312700250726 /* RoundButton.m in Sources */,
				0496017B1B8DB88200AEFFD8 /* ADVProgressControl.m in Sources */,
				04072CF31B8C9A1A00B68A21 /* ProductImageCell.m in Sources */,
				56C458511B6B3D310053D825 /* MGImageUtilitiesAppDelegate.m in Sources */,
				56C458621B6B42690053D825 /* FirstViewController.m in Sources */,
				04F2CCFC1B8478C50016FB91 /* OwnerModel.m in Sources */,
				0411515F1B8EE7DE000B3A88 /* CartViewController.m in Sources */,
				56C45B4C1B6B72A00053D825 /* TsaoBaseViewController.m in Sources */,
				04072CD81B8C47AB00B68A21 /* MapEventController.m in Sources */,
				56C4586C1B6B6BFC0053D825 /* UIViewController+TsaoNavigationBar.m in Sources */,
				04072CC71B8AE40100B68A21 /* StoreIndexViewController.m in Sources */,
				04F2D1761B870BE60016FB91 /* SpecificationModel.m in Sources */,
				04F2CD001B85AC930016FB91 /* TsaoStoreListTableViewCell.m in Sources */,
				56061BB11B6C7F6B002F3499 /* Tool.m in Sources */,
			);
			runOnlyForDeploymentPostprocessing = 0;
		};
		56865C9D1B6B223C00A1B324 /* Sources */ = {
			isa = PBXSourcesBuildPhase;
			buildActionMask = 2147483647;
			files = (
				56865CA81B6B223C00A1B324 /* GuduMorningTests.m in Sources */,
			);
			runOnlyForDeploymentPostprocessing = 0;
		};
/* End PBXSourcesBuildPhase section */

/* Begin PBXTargetDependency section */
		56865CA31B6B223C00A1B324 /* PBXTargetDependency */ = {
			isa = PBXTargetDependency;
			target = 56865C841B6B223C00A1B324 /* GuduMorning */;
			targetProxy = 56865CA21B6B223C00A1B324 /* PBXContainerItemProxy */;
		};
/* End PBXTargetDependency section */

/* Begin PBXVariantGroup section */
		56865C951B6B223C00A1B324 /* Main.storyboard */ = {
			isa = PBXVariantGroup;
			children = (
				56865C961B6B223C00A1B324 /* Base */,
			);
			name = Main.storyboard;
			sourceTree = "<group>";
		};
		56865C9A1B6B223C00A1B324 /* LaunchScreen.xib */ = {
			isa = PBXVariantGroup;
			children = (
				56865C9B1B6B223C00A1B324 /* Base */,
			);
			name = LaunchScreen.xib;
			sourceTree = "<group>";
		};
/* End PBXVariantGroup section */

/* Begin XCBuildConfiguration section */
		56865CA91B6B223C00A1B324 /* Debug */ = {
			isa = XCBuildConfiguration;
			buildSettings = {
				ALWAYS_SEARCH_USER_PATHS = NO;
				CLANG_CXX_LANGUAGE_STANDARD = "gnu++0x";
				CLANG_CXX_LIBRARY = "libc++";
				CLANG_ENABLE_MODULES = YES;
				CLANG_ENABLE_OBJC_ARC = YES;
				CLANG_WARN_BOOL_CONVERSION = YES;
				CLANG_WARN_CONSTANT_CONVERSION = YES;
				CLANG_WARN_DIRECT_OBJC_ISA_USAGE = YES_ERROR;
				CLANG_WARN_EMPTY_BODY = YES;
				CLANG_WARN_ENUM_CONVERSION = YES;
				CLANG_WARN_INT_CONVERSION = YES;
				CLANG_WARN_OBJC_ROOT_CLASS = YES_ERROR;
				CLANG_WARN_UNREACHABLE_CODE = YES;
				CLANG_WARN__DUPLICATE_METHOD_MATCH = YES;
				"CODE_SIGN_IDENTITY[sdk=iphoneos*]" = "iPhone Developer";
				COPY_PHASE_STRIP = NO;
				DEBUG_INFORMATION_FORMAT = "dwarf-with-dsym";
				ENABLE_STRICT_OBJC_MSGSEND = YES;
				GCC_C_LANGUAGE_STANDARD = gnu99;
				GCC_DYNAMIC_NO_PIC = NO;
				GCC_NO_COMMON_BLOCKS = YES;
				GCC_OPTIMIZATION_LEVEL = 0;
				GCC_PREPROCESSOR_DEFINITIONS = (
					"DEBUG=1",
					"$(inherited)",
				);
				GCC_SYMBOLS_PRIVATE_EXTERN = NO;
				GCC_WARN_64_TO_32_BIT_CONVERSION = YES;
				GCC_WARN_ABOUT_RETURN_TYPE = YES_ERROR;
				GCC_WARN_UNDECLARED_SELECTOR = YES;
				GCC_WARN_UNINITIALIZED_AUTOS = YES_AGGRESSIVE;
				GCC_WARN_UNUSED_FUNCTION = YES;
				GCC_WARN_UNUSED_VARIABLE = YES;
				IPHONEOS_DEPLOYMENT_TARGET = 8.3;
				MTL_ENABLE_DEBUG_INFO = YES;
				ONLY_ACTIVE_ARCH = YES;
				SDKROOT = iphoneos;
				TARGETED_DEVICE_FAMILY = "1,2";
			};
			name = Debug;
		};
		56865CAA1B6B223C00A1B324 /* Release */ = {
			isa = XCBuildConfiguration;
			buildSettings = {
				ALWAYS_SEARCH_USER_PATHS = NO;
				CLANG_CXX_LANGUAGE_STANDARD = "gnu++0x";
				CLANG_CXX_LIBRARY = "libc++";
				CLANG_ENABLE_MODULES = YES;
				CLANG_ENABLE_OBJC_ARC = YES;
				CLANG_WARN_BOOL_CONVERSION = YES;
				CLANG_WARN_CONSTANT_CONVERSION = YES;
				CLANG_WARN_DIRECT_OBJC_ISA_USAGE = YES_ERROR;
				CLANG_WARN_EMPTY_BODY = YES;
				CLANG_WARN_ENUM_CONVERSION = YES;
				CLANG_WARN_INT_CONVERSION = YES;
				CLANG_WARN_OBJC_ROOT_CLASS = YES_ERROR;
				CLANG_WARN_UNREACHABLE_CODE = YES;
				CLANG_WARN__DUPLICATE_METHOD_MATCH = YES;
				"CODE_SIGN_IDENTITY[sdk=iphoneos*]" = "iPhone Developer";
				COPY_PHASE_STRIP = NO;
				DEBUG_INFORMATION_FORMAT = "dwarf-with-dsym";
				ENABLE_NS_ASSERTIONS = NO;
				ENABLE_STRICT_OBJC_MSGSEND = YES;
				GCC_C_LANGUAGE_STANDARD = gnu99;
				GCC_NO_COMMON_BLOCKS = YES;
				GCC_WARN_64_TO_32_BIT_CONVERSION = YES;
				GCC_WARN_ABOUT_RETURN_TYPE = YES_ERROR;
				GCC_WARN_UNDECLARED_SELECTOR = YES;
				GCC_WARN_UNINITIALIZED_AUTOS = YES_AGGRESSIVE;
				GCC_WARN_UNUSED_FUNCTION = YES;
				GCC_WARN_UNUSED_VARIABLE = YES;
				IPHONEOS_DEPLOYMENT_TARGET = 8.3;
				MTL_ENABLE_DEBUG_INFO = NO;
				SDKROOT = iphoneos;
				TARGETED_DEVICE_FAMILY = "1,2";
				VALIDATE_PRODUCT = YES;
			};
			name = Release;
		};
		56865CAC1B6B223C00A1B324 /* Debug */ = {
			isa = XCBuildConfiguration;
			baseConfigurationReference = CD723B7FCABE27EBA80C21FA /* Pods.debug.xcconfig */;
			buildSettings = {
				ASSETCATALOG_COMPILER_APPICON_NAME = AppIcon;
				CODE_SIGN_IDENTITY = "iPhone Developer: HANBO LIU (LK8M6M3H5J)";
				FRAMEWORK_SEARCH_PATHS = (
					"$(inherited)",
					"$(PROJECT_DIR)/GuduMorning/Library",
				);
				GCC_PRECOMPILE_PREFIX_HEADER = YES;
				GCC_PREFIX_HEADER = GuduMorning/system.pch;
				INFOPLIST_FILE = GuduMorning/Info.plist;
				LD_RUNPATH_SEARCH_PATHS = "$(inherited) @executable_path/Frameworks";
				PRODUCT_NAME = "$(TARGET_NAME)";
			};
			name = Debug;
		};
		56865CAD1B6B223C00A1B324 /* Release */ = {
			isa = XCBuildConfiguration;
			baseConfigurationReference = 7012629765EF15A10449A7A1 /* Pods.release.xcconfig */;
			buildSettings = {
				ASSETCATALOG_COMPILER_APPICON_NAME = AppIcon;
				CODE_SIGN_IDENTITY = "iPhone Developer: HANBO LIU (LK8M6M3H5J)";
				FRAMEWORK_SEARCH_PATHS = (
					"$(inherited)",
					"$(PROJECT_DIR)/GuduMorning/Library",
				);
				GCC_PRECOMPILE_PREFIX_HEADER = YES;
				GCC_PREFIX_HEADER = GuduMorning/system.pch;
				INFOPLIST_FILE = GuduMorning/Info.plist;
				LD_RUNPATH_SEARCH_PATHS = "$(inherited) @executable_path/Frameworks";
				PRODUCT_NAME = "$(TARGET_NAME)";
			};
			name = Release;
		};
		56865CAF1B6B223C00A1B324 /* Debug */ = {
			isa = XCBuildConfiguration;
			buildSettings = {
				BUNDLE_LOADER = "$(TEST_HOST)";
				FRAMEWORK_SEARCH_PATHS = (
					"$(SDKROOT)/Developer/Library/Frameworks",
					"$(inherited)",
				);
				GCC_PREPROCESSOR_DEFINITIONS = (
					"DEBUG=1",
					"$(inherited)",
				);
				INFOPLIST_FILE = GuduMorningTests/Info.plist;
				LD_RUNPATH_SEARCH_PATHS = "$(inherited) @executable_path/Frameworks @loader_path/Frameworks";
				PRODUCT_NAME = "$(TARGET_NAME)";
				TEST_HOST = "$(BUILT_PRODUCTS_DIR)/GuduMorning.app/GuduMorning";
			};
			name = Debug;
		};
		56865CB01B6B223C00A1B324 /* Release */ = {
			isa = XCBuildConfiguration;
			buildSettings = {
				BUNDLE_LOADER = "$(TEST_HOST)";
				FRAMEWORK_SEARCH_PATHS = (
					"$(SDKROOT)/Developer/Library/Frameworks",
					"$(inherited)",
				);
				INFOPLIST_FILE = GuduMorningTests/Info.plist;
				LD_RUNPATH_SEARCH_PATHS = "$(inherited) @executable_path/Frameworks @loader_path/Frameworks";
				PRODUCT_NAME = "$(TARGET_NAME)";
				TEST_HOST = "$(BUILT_PRODUCTS_DIR)/GuduMorning.app/GuduMorning";
			};
			name = Release;
		};
/* End XCBuildConfiguration section */

/* Begin XCConfigurationList section */
		56865C801B6B223C00A1B324 /* Build configuration list for PBXProject "GuduMorning" */ = {
			isa = XCConfigurationList;
			buildConfigurations = (
				56865CA91B6B223C00A1B324 /* Debug */,
				56865CAA1B6B223C00A1B324 /* Release */,
			);
			defaultConfigurationIsVisible = 0;
			defaultConfigurationName = Release;
		};
		56865CAB1B6B223C00A1B324 /* Build configuration list for PBXNativeTarget "GuduMorning" */ = {
			isa = XCConfigurationList;
			buildConfigurations = (
				56865CAC1B6B223C00A1B324 /* Debug */,
				56865CAD1B6B223C00A1B324 /* Release */,
			);
			defaultConfigurationIsVisible = 0;
			defaultConfigurationName = Release;
		};
		56865CAE1B6B223C00A1B324 /* Build configuration list for PBXNativeTarget "GuduMorningTests" */ = {
			isa = XCConfigurationList;
			buildConfigurations = (
				56865CAF1B6B223C00A1B324 /* Debug */,
				56865CB01B6B223C00A1B324 /* Release */,
			);
			defaultConfigurationIsVisible = 0;
			defaultConfigurationName = Release;
		};
/* End XCConfigurationList section */
	};
	rootObject = 56865C7D1B6B223C00A1B324 /* Project object */;
}
